Microsoft Visual Studio Solution File, Format Version 8.00
Project("{8BC9CEB8-8B4A-11D0-8D11-00A0C91BC942}") = "LibLic2", "liblic2\liblic2.vcproj", "{82B79646-2F6E-4D25-B1B2-BFD1543EC5EC}"
	ProjectSection(ProjectDependencies) = postProject
	EndProjectSection
EndProject
Project("{8BC9CEB8-8B4A-11D0-8D11-00A0C91BC942}") = "libcomp", "libcomp\libcomp.vcproj", "{16271308-12CC-4721-A12A-FEE92560A2B0}"
	ProjectSection(ProjectDependencies) = postProject
	EndProjectSection
EndProject
Project("{8BC9CEB8-8B4A-11D0-8D11-00A0C91BC942}") = "liberr", "liberr\liberr.vcproj", "{9E4882EB-1B6C-42F8-89E0-7A1A5AEA0D36}"
	ProjectSection(ProjectDependencies) = postProject
	EndProjectSection
EndProject
Project("{8BC9CEB8-8B4A-11D0-8D11-00A0C91BC942}") = "libftd", "libftd\libftd.vcproj", "{AE7A0AD4-8EAF-400A-A185-557B1040CBD1}"
	ProjectSection(ProjectDependencies) = postProject
	EndProjectSection
EndProject
Project("{8BC9CEB8-8B4A-11D0-8D11-00A0C91BC942}") = "liblic", "liblic\liblic.vcproj", "{1DA3B449-238A-41C5-8F8E-E05F422AFEE9}"
	ProjectSection(ProjectDependencies) = postProject
	EndProjectSection
EndProject
Project("{8BC9CEB8-8B4A-11D0-8D11-00A0C91BC942}") = "liblst", "liblst\liblst.vcproj", "{089E203F-27FA-4FEF-BADC-3A8B14DB23EF}"
	ProjectSection(ProjectDependencies) = postProject
	EndProjectSection
EndProject
Project("{8BC9CEB8-8B4A-11D0-8D11-00A0C91BC942}") = "libmd5", "libmd5\libmd5.vcproj", "{DA746307-34CA-454E-9052-71D6C04BA467}"
	ProjectSection(ProjectDependencies) = postProject
	EndProjectSection
EndProject
Project("{8BC9CEB8-8B4A-11D0-8D11-00A0C91BC942}") = "libproc", "libproc\libproc.vcproj", "{B3E378D4-BA97-4E47-AD6B-0A0B57F113DD}"
	ProjectSection(ProjectDependencies) = postProject
	EndProjectSection
EndProject
Project("{8BC9CEB8-8B4A-11D0-8D11-00A0C91BC942}") = "libsock", "libsock\libsock.vcproj", "{A11E3920-96FB-4B4B-9E9D-F5BA99636B60}"
	ProjectSection(ProjectDependencies) = postProject
	EndProjectSection
EndProject
Project("{8BC9CEB8-8B4A-11D0-8D11-00A0C91BC942}") = "libutil", "libutil\libutil.vcproj", "{39092C43-77B5-4031-A60B-AF800DCFFF08}"
	ProjectSection(ProjectDependencies) = postProject
	EndProjectSection
EndProject
Project("{8BC9CEB8-8B4A-11D0-8D11-00A0C91BC942}") = "RplLibWrapper", "RplLibWrapper\RplLibWrapper.vcproj", "{AC848FF2-1628-440F-A07D-AA7F74D57B8B}"
	ProjectSection(ProjectDependencies) = postProject
	EndProjectSection
EndProject
Global
	GlobalSection(SolutionConfiguration) = preSolution
		Debug = Debug
		Release = Release
	EndGlobalSection
	GlobalSection(ProjectConfiguration) = postSolution
		{82B79646-2F6E-4D25-B1B2-BFD1543EC5EC}.Debug.ActiveCfg = Debug|Win32
		{82B79646-2F6E-4D25-B1B2-BFD1543EC5EC}.Debug.Build.0 = Debug|Win32
		{82B79646-2F6E-4D25-B1B2-BFD1543EC5EC}.Release.ActiveCfg = Release|Win32
		{82B79646-2F6E-4D25-B1B2-BFD1543EC5EC}.Release.Build.0 = Release|Win32
		{16271308-12CC-4721-A12A-FEE92560A2B0}.Debug.ActiveCfg = Debug|Win32
		{16271308-12CC-4721-A12A-FEE92560A2B0}.Debug.Build.0 = Debug|Win32
		{16271308-12CC-4721-A12A-FEE92560A2B0}.Release.ActiveCfg = Release|Win32
		{16271308-12CC-4721-A12A-FEE92560A2B0}.Release.Build.0 = Release|Win32
		{9E4882EB-1B6C-42F8-89E0-7A1A5AEA0D36}.Debug.ActiveCfg = Debug|Win32
		{9E4882EB-1B6C-42F8-89E0-7A1A5AEA0D36}.Debug.Build.0 = Debug|Win32
		{9E4882EB-1B6C-42F8-89E0-7A1A5AEA0D36}.Release.ActiveCfg = Release|Win32
		{9E4882EB-1B6C-42F8-89E0-7A1A5AEA0D36}.Release.Build.0 = Release|Win32
		{AE7A0AD4-8EAF-400A-A185-557B1040CBD1}.Debug.ActiveCfg = Debug|Win32
		{AE7A0AD4-8EAF-400A-A185-557B1040CBD1}.Debug.Build.0 = Debug|Win32
		{AE7A0AD4-8EAF-400A-A185-557B1040CBD1}.Release.ActiveCfg = Release|Win32
		{AE7A0AD4-8EAF-400A-A185-557B1040CBD1}.Release.Build.0 = Release|Win32
		{1DA3B449-238A-41C5-8F8E-E05F422AFEE9}.Debug.ActiveCfg = Debug|Win32
		{1DA3B449-238A-41C5-8F8E-E05F422AFEE9}.Debug.Build.0 = Debug|Win32
		{1DA3B449-238A-41C5-8F8E-E05F422AFEE9}.Release.ActiveCfg = Release|Win32
		{1DA3B449-238A-41C5-8F8E-E05F422AFEE9}.Release.Build.0 = Release|Win32
		{089E203F-27FA-4FEF-BADC-3A8B14DB23EF}.Debug.ActiveCfg = Debug|Win32
		{089E203F-27FA-4FEF-BADC-3A8B14DB23EF}.Debug.Build.0 = Debug|Win32
		{089E203F-27FA-4FEF-BADC-3A8B14DB23EF}.Release.ActiveCfg = Release|Win32
		{089E203F-27FA-4FEF-BADC-3A8B14DB23EF}.Release.Build.0 = Release|Win32
		{DA746307-34CA-454E-9052-71D6C04BA467}.Debug.ActiveCfg = Debug|Win32
		{DA746307-34CA-454E-9052-71D6C04BA467}.Debug.Build.0 = Debug|Win32
		{DA746307-34CA-454E-9052-71D6C04BA467}.Release.ActiveCfg = Release|Win32
		{DA746307-34CA-454E-9052-71D6C04BA467}.Release.Build.0 = Release|Win32
		{B3E378D4-BA97-4E47-AD6B-0A0B57F113DD}.Debug.ActiveCfg = Debug|Win32
		{B3E378D4-BA97-4E47-AD6B-0A0B57F113DD}.Debug.Build.0 = Debug|Win32
		{B3E378D4-BA97-4E47-AD6B-0A0B57F113DD}.Release.ActiveCfg = Release|Win32
		{B3E378D4-BA97-4E47-AD6B-0A0B57F113DD}.Release.Build.0 = Release|Win32
		{A11E3920-96FB-4B4B-9E9D-F5BA99636B60}.Debug.ActiveCfg = Debug|Win32
		{A11E3920-96FB-4B4B-9E9D-F5BA99636B60}.Debug.Build.0 = Debug|Win32
		{A11E3920-96FB-4B4B-9E9D-F5BA99636B60}.Release.ActiveCfg = Release|Win32
		{A11E3920-96FB-4B4B-9E9D-F5BA99636B60}.Release.Build.0 = Release|Win32
		{39092C43-77B5-4031-A60B-AF800DCFFF08}.Debug.ActiveCfg = Debug|Win32
		{39092C43-77B5-4031-A60B-AF800DCFFF08}.Debug.Build.0 = Debug|Win32
		{39092C43-77B5-4031-A60B-AF800DCFFF08}.Release.ActiveCfg = Release|Win32
		{39092C43-77B5-4031-A60B-AF800DCFFF08}.Release.Build.0 = Release|Win32
		{AC848FF2-1628-440F-A07D-AA7F74D57B8B}.Debug.ActiveCfg = Debug|Win32
		{AC848FF2-1628-440F-A07D-AA7F74D57B8B}.Debug.Build.0 = Debug|Win32
		{AC848FF2-1628-440F-A07D-AA7F74D57B8B}.Release.ActiveCfg = Release|Win32
		{AC848FF2-1628-440F-A07D-AA7F74D57B8B}.Release.Build.0 = Release|Win32
	EndGlobalSection
	GlobalSection(ExtensibilityGlobals) = postSolution
	EndGlobalSection
	GlobalSection(ExtensibilityAddIns) = postSolution
	EndGlobalSection
EndGlobal
