Microsoft Visual Studio Solution File, Format Version 8.00
Project("{8BC9CEB8-8B4A-11D0-8D11-00A0C91BC942}") = "Cfx4Lang", "ftdsrc\gui\TdmfCommonGui\ChartFX\Language Dll\Cfx4Lang.vcproj", "{74C95F16-C15A-4CBE-8179-2B7726A98A5B}"
	ProjectSection(ProjectDependencies) = postProject
	EndProjectSection
EndProject
Project("{8BC9CEB8-8B4A-11D0-8D11-00A0C91BC942}") = "Collector", "ftdsrc\daemons\Collector\Collector.vcproj", "{C889E64E-6393-41E4-BA83-1FE18261768B}"
	ProjectSection(ProjectDependencies) = postProject
		{CB1FE027-4F70-4B7B-A49D-8534A817AA94} = {CB1FE027-4F70-4B7B-A49D-8534A817AA94}
		{E15B418B-E286-4C0E-B57F-52D04F3954E7} = {E15B418B-E286-4C0E-B57F-52D04F3954E7}
		{8ED64E8F-1FEA-418A-B590-0BCDC211528B} = {8ED64E8F-1FEA-418A-B590-0BCDC211528B}
		{70618391-83DC-4D2D-AEA5-1642E38646FA} = {70618391-83DC-4D2D-AEA5-1642E38646FA}
		{4CAE9192-9BCB-481D-9D6E-B0147C43ACFE} = {4CAE9192-9BCB-481D-9D6E-B0147C43ACFE}
		{CF62B09D-A698-4F82-95B5-75A5B49B7E4E} = {CF62B09D-A698-4F82-95B5-75A5B49B7E4E}
		{36F622A0-0944-4DD9-8743-E5B972A4D567} = {36F622A0-0944-4DD9-8743-E5B972A4D567}
		{AFD65AB5-F8B8-41F2-8748-092EA3FDCC80} = {AFD65AB5-F8B8-41F2-8748-092EA3FDCC80}
	EndProjectSection
EndProject
Project("{8BC9CEB8-8B4A-11D0-8D11-00A0C91BC942}") = "LibLic2", "ftdsrc\lib\Liblic2\LibLic2.vcproj", "{2529B7A3-9E3E-4203-9BD0-010789C932F8}"
	ProjectSection(ProjectDependencies) = postProject
	EndProjectSection
EndProject
Project("{8BC9CEB8-8B4A-11D0-8D11-00A0C91BC942}") = "LogMsg", "ftdsrc\libexec\LogMsg\LogMsg.vcproj", "{52D688BB-47BF-4A4F-B8AF-4C6ED3E9C216}"
	ProjectSection(ProjectDependencies) = postProject
	EndProjectSection
EndProject
Project("{8BC9CEB8-8B4A-11D0-8D11-00A0C91BC942}") = "Perf", "ftdsrc\libexec\Perf\Perf.vcproj", "{FF0373E1-7C1E-4AB0-B19C-9A70A49EA742}"
	ProjectSection(ProjectDependencies) = postProject
		{CB1FE027-4F70-4B7B-A49D-8534A817AA94} = {CB1FE027-4F70-4B7B-A49D-8534A817AA94}
		{169AE56B-B368-454F-889E-B94F9441462D} = {169AE56B-B368-454F-889E-B94F9441462D}
		{E15B418B-E286-4C0E-B57F-52D04F3954E7} = {E15B418B-E286-4C0E-B57F-52D04F3954E7}
		{8ED64E8F-1FEA-418A-B590-0BCDC211528B} = {8ED64E8F-1FEA-418A-B590-0BCDC211528B}
		{4CAE9192-9BCB-481D-9D6E-B0147C43ACFE} = {4CAE9192-9BCB-481D-9D6E-B0147C43ACFE}
		{CF62B09D-A698-4F82-95B5-75A5B49B7E4E} = {CF62B09D-A698-4F82-95B5-75A5B49B7E4E}
		{36F622A0-0944-4DD9-8743-E5B972A4D567} = {36F622A0-0944-4DD9-8743-E5B972A4D567}
	EndProjectSection
EndProject
Project("{8BC9CEB8-8B4A-11D0-8D11-00A0C91BC942}") = "ReplServer", "ftdsrc\daemons\Client\ReplServer.vcproj", "{BB21DF39-23E0-4C6B-85FE-47C69225AF0B}"
	ProjectSection(ProjectDependencies) = postProject
		{CB1FE027-4F70-4B7B-A49D-8534A817AA94} = {CB1FE027-4F70-4B7B-A49D-8534A817AA94}
		{91969267-F8C9-4738-91B1-66D2D0229B77} = {91969267-F8C9-4738-91B1-66D2D0229B77}
		{169AE56B-B368-454F-889E-B94F9441462D} = {169AE56B-B368-454F-889E-B94F9441462D}
		{E15B418B-E286-4C0E-B57F-52D04F3954E7} = {E15B418B-E286-4C0E-B57F-52D04F3954E7}
		{8ED64E8F-1FEA-418A-B590-0BCDC211528B} = {8ED64E8F-1FEA-418A-B590-0BCDC211528B}
		{70618391-83DC-4D2D-AEA5-1642E38646FA} = {70618391-83DC-4D2D-AEA5-1642E38646FA}
		{4CAE9192-9BCB-481D-9D6E-B0147C43ACFE} = {4CAE9192-9BCB-481D-9D6E-B0147C43ACFE}
		{29129096-21DE-473F-BEEA-6DC67459F312} = {29129096-21DE-473F-BEEA-6DC67459F312}
		{CF62B09D-A698-4F82-95B5-75A5B49B7E4E} = {CF62B09D-A698-4F82-95B5-75A5B49B7E4E}
		{D03603FE-9702-4397-8DFF-66180A8C8188} = {D03603FE-9702-4397-8DFF-66180A8C8188}
	EndProjectSection
EndProject
Project("{8BC9CEB8-8B4A-11D0-8D11-00A0C91BC942}") = "SFResDll", "ftdsrc\GUI\TDMFCOMMONGUI\StoneFlyRes\SFResDll.vcproj", "{E9928E75-618C-4DCF-BE26-95DF4E8FFAE9}"
	ProjectSection(ProjectDependencies) = postProject
	EndProjectSection
EndProject
Project("{8BC9CEB8-8B4A-11D0-8D11-00A0C91BC942}") = "SoftekRes", "ftdsrc\GUI\TDMFCOMMONGUI\SoftekRes\SoftekRes.vcproj", "{EB46B4AD-B418-4A0C-ACF6-45AEE86B7060}"
	ProjectSection(ProjectDependencies) = postProject
	EndProjectSection
EndProject
Project("{8BC9CEB8-8B4A-11D0-8D11-00A0C91BC942}") = "TDMFInstall", "ftdsrc\TDMFInstallDLL\TDMFInstall.vcproj", "{92502593-C19A-4277-9588-0ED459D1A820}"
	ProjectSection(ProjectDependencies) = postProject
		{E15B418B-E286-4C0E-B57F-52D04F3954E7} = {E15B418B-E286-4C0E-B57F-52D04F3954E7}
		{8ED64E8F-1FEA-418A-B590-0BCDC211528B} = {8ED64E8F-1FEA-418A-B590-0BCDC211528B}
		{4CAE9192-9BCB-481D-9D6E-B0147C43ACFE} = {4CAE9192-9BCB-481D-9D6E-B0147C43ACFE}
		{CF62B09D-A698-4F82-95B5-75A5B49B7E4E} = {CF62B09D-A698-4F82-95B5-75A5B49B7E4E}
		{36F622A0-0944-4DD9-8743-E5B972A4D567} = {36F622A0-0944-4DD9-8743-E5B972A4D567}
	EndProjectSection
EndProject
Project("{8BC9CEB8-8B4A-11D0-8D11-00A0C91BC942}") = "TDMFObjects", "ftdsrc\lib\TDMFObjects\TDMFObjects.vcproj", "{D6370992-ADE2-454E-86C1-501EDB1F96FC}"
	ProjectSection(ProjectDependencies) = postProject
		{CB1FE027-4F70-4B7B-A49D-8534A817AA94} = {CB1FE027-4F70-4B7B-A49D-8534A817AA94}
		{169AE56B-B368-454F-889E-B94F9441462D} = {169AE56B-B368-454F-889E-B94F9441462D}
		{E15B418B-E286-4C0E-B57F-52D04F3954E7} = {E15B418B-E286-4C0E-B57F-52D04F3954E7}
		{8ED64E8F-1FEA-418A-B590-0BCDC211528B} = {8ED64E8F-1FEA-418A-B590-0BCDC211528B}
		{70618391-83DC-4D2D-AEA5-1642E38646FA} = {70618391-83DC-4D2D-AEA5-1642E38646FA}
		{4CAE9192-9BCB-481D-9D6E-B0147C43ACFE} = {4CAE9192-9BCB-481D-9D6E-B0147C43ACFE}
		{CF62B09D-A698-4F82-95B5-75A5B49B7E4E} = {CF62B09D-A698-4F82-95B5-75A5B49B7E4E}
		{36F622A0-0944-4DD9-8743-E5B972A4D567} = {36F622A0-0944-4DD9-8743-E5B972A4D567}
		{AFD65AB5-F8B8-41F2-8748-092EA3FDCC80} = {AFD65AB5-F8B8-41F2-8748-092EA3FDCC80}
	EndProjectSection
EndProject
Project("{8BC9CEB8-8B4A-11D0-8D11-00A0C91BC942}") = "TdmfCommonGui", "ftdsrc\GUI\TdmfCommonGui\TdmfCommonGui.vcproj", "{F15B42EB-875A-4683-B4FD-95BCC7C758D1}"
	ProjectSection(ProjectDependencies) = postProject
		{D6370992-ADE2-454E-86C1-501EDB1F96FC} = {D6370992-ADE2-454E-86C1-501EDB1F96FC}
		{AFD65AB5-F8B8-41F2-8748-092EA3FDCC80} = {AFD65AB5-F8B8-41F2-8748-092EA3FDCC80}
	EndProjectSection
EndProject
Project("{8BC9CEB8-8B4A-11D0-8D11-00A0C91BC942}") = "TdmfDbUpgrade", "ftdsrc\TdmfDbUpgrade\TdmfDbUpgrade.vcproj", "{C10A7EDF-812D-4E6A-BB80-81DDE8C81953}"
	ProjectSection(ProjectDependencies) = postProject
		{36F622A0-0944-4DD9-8743-E5B972A4D567} = {36F622A0-0944-4DD9-8743-E5B972A4D567}
	EndProjectSection
EndProject
Project("{8BC9CEB8-8B4A-11D0-8D11-00A0C91BC942}") = "checkpoint", "ftdsrc\libexec\checkpoint\checkpoint.vcproj", "{3A57BB9F-CD45-4085-A709-61FA9BBDFEEC}"
	ProjectSection(ProjectDependencies) = postProject
		{CB1FE027-4F70-4B7B-A49D-8534A817AA94} = {CB1FE027-4F70-4B7B-A49D-8534A817AA94}
		{91969267-F8C9-4738-91B1-66D2D0229B77} = {91969267-F8C9-4738-91B1-66D2D0229B77}
		{169AE56B-B368-454F-889E-B94F9441462D} = {169AE56B-B368-454F-889E-B94F9441462D}
		{E15B418B-E286-4C0E-B57F-52D04F3954E7} = {E15B418B-E286-4C0E-B57F-52D04F3954E7}
		{8ED64E8F-1FEA-418A-B590-0BCDC211528B} = {8ED64E8F-1FEA-418A-B590-0BCDC211528B}
		{70618391-83DC-4D2D-AEA5-1642E38646FA} = {70618391-83DC-4D2D-AEA5-1642E38646FA}
		{4CAE9192-9BCB-481D-9D6E-B0147C43ACFE} = {4CAE9192-9BCB-481D-9D6E-B0147C43ACFE}
		{29129096-21DE-473F-BEEA-6DC67459F312} = {29129096-21DE-473F-BEEA-6DC67459F312}
		{CF62B09D-A698-4F82-95B5-75A5B49B7E4E} = {CF62B09D-A698-4F82-95B5-75A5B49B7E4E}
		{D03603FE-9702-4397-8DFF-66180A8C8188} = {D03603FE-9702-4397-8DFF-66180A8C8188}
	EndProjectSection
EndProject
Project("{8BC9CEB8-8B4A-11D0-8D11-00A0C91BC942}") = "createkey", "ftdsrc\bin\createkey\createkey.vcproj", "{20D715BE-5128-45BF-8D55-7243BC56882B}"
	ProjectSection(ProjectDependencies) = postProject
		{CB1FE027-4F70-4B7B-A49D-8534A817AA94} = {CB1FE027-4F70-4B7B-A49D-8534A817AA94}
		{91969267-F8C9-4738-91B1-66D2D0229B77} = {91969267-F8C9-4738-91B1-66D2D0229B77}
		{169AE56B-B368-454F-889E-B94F9441462D} = {169AE56B-B368-454F-889E-B94F9441462D}
		{E15B418B-E286-4C0E-B57F-52D04F3954E7} = {E15B418B-E286-4C0E-B57F-52D04F3954E7}
		{8ED64E8F-1FEA-418A-B590-0BCDC211528B} = {8ED64E8F-1FEA-418A-B590-0BCDC211528B}
		{4CAE9192-9BCB-481D-9D6E-B0147C43ACFE} = {4CAE9192-9BCB-481D-9D6E-B0147C43ACFE}
		{29129096-21DE-473F-BEEA-6DC67459F312} = {29129096-21DE-473F-BEEA-6DC67459F312}
		{CF62B09D-A698-4F82-95B5-75A5B49B7E4E} = {CF62B09D-A698-4F82-95B5-75A5B49B7E4E}
		{D03603FE-9702-4397-8DFF-66180A8C8188} = {D03603FE-9702-4397-8DFF-66180A8C8188}
	EndProjectSection
EndProject
Project("{8BC9CEB8-8B4A-11D0-8D11-00A0C91BC942}") = "Driver", "ftdsrc\driver\driver NT4.vcproj", "{E2906346-C782-45A2-A69B-F6C7314775E4}"
	ProjectSection(ProjectDependencies) = postProject
	EndProjectSection
EndProject
Project("{8BC9CEB8-8B4A-11D0-8D11-00A0C91BC942}") = "hostinfo", "ftdsrc\libexec\hostinfo\hostinfo.vcproj", "{3273CA1F-60F6-4B36-A9BF-F79D9BD5BEF5}"
	ProjectSection(ProjectDependencies) = postProject
		{CB1FE027-4F70-4B7B-A49D-8534A817AA94} = {CB1FE027-4F70-4B7B-A49D-8534A817AA94}
		{91969267-F8C9-4738-91B1-66D2D0229B77} = {91969267-F8C9-4738-91B1-66D2D0229B77}
		{169AE56B-B368-454F-889E-B94F9441462D} = {169AE56B-B368-454F-889E-B94F9441462D}
		{E15B418B-E286-4C0E-B57F-52D04F3954E7} = {E15B418B-E286-4C0E-B57F-52D04F3954E7}
		{8ED64E8F-1FEA-418A-B590-0BCDC211528B} = {8ED64E8F-1FEA-418A-B590-0BCDC211528B}
		{70618391-83DC-4D2D-AEA5-1642E38646FA} = {70618391-83DC-4D2D-AEA5-1642E38646FA}
		{4CAE9192-9BCB-481D-9D6E-B0147C43ACFE} = {4CAE9192-9BCB-481D-9D6E-B0147C43ACFE}
		{29129096-21DE-473F-BEEA-6DC67459F312} = {29129096-21DE-473F-BEEA-6DC67459F312}
		{CF62B09D-A698-4F82-95B5-75A5B49B7E4E} = {CF62B09D-A698-4F82-95B5-75A5B49B7E4E}
		{36F622A0-0944-4DD9-8743-E5B972A4D567} = {36F622A0-0944-4DD9-8743-E5B972A4D567}
		{AFD65AB5-F8B8-41F2-8748-092EA3FDCC80} = {AFD65AB5-F8B8-41F2-8748-092EA3FDCC80}
		{D03603FE-9702-4397-8DFF-66180A8C8188} = {D03603FE-9702-4397-8DFF-66180A8C8188}
	EndProjectSection
EndProject
Project("{8BC9CEB8-8B4A-11D0-8D11-00A0C91BC942}") = "info", "ftdsrc\libexec\info\info.vcproj", "{25AD59AF-5A09-4383-AEDE-208EE8454416}"
	ProjectSection(ProjectDependencies) = postProject
		{CB1FE027-4F70-4B7B-A49D-8534A817AA94} = {CB1FE027-4F70-4B7B-A49D-8534A817AA94}
		{91969267-F8C9-4738-91B1-66D2D0229B77} = {91969267-F8C9-4738-91B1-66D2D0229B77}
		{169AE56B-B368-454F-889E-B94F9441462D} = {169AE56B-B368-454F-889E-B94F9441462D}
		{E15B418B-E286-4C0E-B57F-52D04F3954E7} = {E15B418B-E286-4C0E-B57F-52D04F3954E7}
		{8ED64E8F-1FEA-418A-B590-0BCDC211528B} = {8ED64E8F-1FEA-418A-B590-0BCDC211528B}
		{70618391-83DC-4D2D-AEA5-1642E38646FA} = {70618391-83DC-4D2D-AEA5-1642E38646FA}
		{4CAE9192-9BCB-481D-9D6E-B0147C43ACFE} = {4CAE9192-9BCB-481D-9D6E-B0147C43ACFE}
		{29129096-21DE-473F-BEEA-6DC67459F312} = {29129096-21DE-473F-BEEA-6DC67459F312}
		{CF62B09D-A698-4F82-95B5-75A5B49B7E4E} = {CF62B09D-A698-4F82-95B5-75A5B49B7E4E}
		{D03603FE-9702-4397-8DFF-66180A8C8188} = {D03603FE-9702-4397-8DFF-66180A8C8188}
	EndProjectSection
EndProject
Project("{8BC9CEB8-8B4A-11D0-8D11-00A0C91BC942}") = "init", "ftdsrc\libexec\init\init.vcproj", "{FBECFD82-C87B-4387-B73A-C5801FD1033F}"
	ProjectSection(ProjectDependencies) = postProject
		{91969267-F8C9-4738-91B1-66D2D0229B77} = {91969267-F8C9-4738-91B1-66D2D0229B77}
		{169AE56B-B368-454F-889E-B94F9441462D} = {169AE56B-B368-454F-889E-B94F9441462D}
		{E15B418B-E286-4C0E-B57F-52D04F3954E7} = {E15B418B-E286-4C0E-B57F-52D04F3954E7}
		{8ED64E8F-1FEA-418A-B590-0BCDC211528B} = {8ED64E8F-1FEA-418A-B590-0BCDC211528B}
		{70618391-83DC-4D2D-AEA5-1642E38646FA} = {70618391-83DC-4D2D-AEA5-1642E38646FA}
		{4CAE9192-9BCB-481D-9D6E-B0147C43ACFE} = {4CAE9192-9BCB-481D-9D6E-B0147C43ACFE}
		{29129096-21DE-473F-BEEA-6DC67459F312} = {29129096-21DE-473F-BEEA-6DC67459F312}
		{CF62B09D-A698-4F82-95B5-75A5B49B7E4E} = {CF62B09D-A698-4F82-95B5-75A5B49B7E4E}
		{D03603FE-9702-4397-8DFF-66180A8C8188} = {D03603FE-9702-4397-8DFF-66180A8C8188}
	EndProjectSection
EndProject
Project("{8BC9CEB8-8B4A-11D0-8D11-00A0C91BC942}") = "killbackfresh", "ftdsrc\daemons\kill\killbackfresh.vcproj", "{795F9956-C4FC-4872-BE99-6985A84BBA03}"
	ProjectSection(ProjectDependencies) = postProject
		{CB1FE027-4F70-4B7B-A49D-8534A817AA94} = {CB1FE027-4F70-4B7B-A49D-8534A817AA94}
		{91969267-F8C9-4738-91B1-66D2D0229B77} = {91969267-F8C9-4738-91B1-66D2D0229B77}
		{169AE56B-B368-454F-889E-B94F9441462D} = {169AE56B-B368-454F-889E-B94F9441462D}
		{E15B418B-E286-4C0E-B57F-52D04F3954E7} = {E15B418B-E286-4C0E-B57F-52D04F3954E7}
		{8ED64E8F-1FEA-418A-B590-0BCDC211528B} = {8ED64E8F-1FEA-418A-B590-0BCDC211528B}
		{70618391-83DC-4D2D-AEA5-1642E38646FA} = {70618391-83DC-4D2D-AEA5-1642E38646FA}
		{4CAE9192-9BCB-481D-9D6E-B0147C43ACFE} = {4CAE9192-9BCB-481D-9D6E-B0147C43ACFE}
		{29129096-21DE-473F-BEEA-6DC67459F312} = {29129096-21DE-473F-BEEA-6DC67459F312}
		{CF62B09D-A698-4F82-95B5-75A5B49B7E4E} = {CF62B09D-A698-4F82-95B5-75A5B49B7E4E}
		{2529B7A3-9E3E-4203-9BD0-010789C932F8} = {2529B7A3-9E3E-4203-9BD0-010789C932F8}
		{D03603FE-9702-4397-8DFF-66180A8C8188} = {D03603FE-9702-4397-8DFF-66180A8C8188}
	EndProjectSection
EndProject
Project("{8BC9CEB8-8B4A-11D0-8D11-00A0C91BC942}") = "killpmd", "ftdsrc\daemons\kill\killpmd.vcproj", "{DB2F02C3-4F11-482B-A330-117C2A8CADB5}"
	ProjectSection(ProjectDependencies) = postProject
		{CB1FE027-4F70-4B7B-A49D-8534A817AA94} = {CB1FE027-4F70-4B7B-A49D-8534A817AA94}
		{91969267-F8C9-4738-91B1-66D2D0229B77} = {91969267-F8C9-4738-91B1-66D2D0229B77}
		{169AE56B-B368-454F-889E-B94F9441462D} = {169AE56B-B368-454F-889E-B94F9441462D}
		{E15B418B-E286-4C0E-B57F-52D04F3954E7} = {E15B418B-E286-4C0E-B57F-52D04F3954E7}
		{8ED64E8F-1FEA-418A-B590-0BCDC211528B} = {8ED64E8F-1FEA-418A-B590-0BCDC211528B}
		{70618391-83DC-4D2D-AEA5-1642E38646FA} = {70618391-83DC-4D2D-AEA5-1642E38646FA}
		{4CAE9192-9BCB-481D-9D6E-B0147C43ACFE} = {4CAE9192-9BCB-481D-9D6E-B0147C43ACFE}
		{29129096-21DE-473F-BEEA-6DC67459F312} = {29129096-21DE-473F-BEEA-6DC67459F312}
		{CF62B09D-A698-4F82-95B5-75A5B49B7E4E} = {CF62B09D-A698-4F82-95B5-75A5B49B7E4E}
		{2529B7A3-9E3E-4203-9BD0-010789C932F8} = {2529B7A3-9E3E-4203-9BD0-010789C932F8}
		{D03603FE-9702-4397-8DFF-66180A8C8188} = {D03603FE-9702-4397-8DFF-66180A8C8188}
	EndProjectSection
EndProject
Project("{8BC9CEB8-8B4A-11D0-8D11-00A0C91BC942}") = "killrefresh", "ftdsrc\daemons\kill\killrefresh.vcproj", "{CDE93DA7-9B9F-4068-B84B-DDE0EB5286AA}"
	ProjectSection(ProjectDependencies) = postProject
		{CB1FE027-4F70-4B7B-A49D-8534A817AA94} = {CB1FE027-4F70-4B7B-A49D-8534A817AA94}
		{91969267-F8C9-4738-91B1-66D2D0229B77} = {91969267-F8C9-4738-91B1-66D2D0229B77}
		{169AE56B-B368-454F-889E-B94F9441462D} = {169AE56B-B368-454F-889E-B94F9441462D}
		{E15B418B-E286-4C0E-B57F-52D04F3954E7} = {E15B418B-E286-4C0E-B57F-52D04F3954E7}
		{8ED64E8F-1FEA-418A-B590-0BCDC211528B} = {8ED64E8F-1FEA-418A-B590-0BCDC211528B}
		{70618391-83DC-4D2D-AEA5-1642E38646FA} = {70618391-83DC-4D2D-AEA5-1642E38646FA}
		{4CAE9192-9BCB-481D-9D6E-B0147C43ACFE} = {4CAE9192-9BCB-481D-9D6E-B0147C43ACFE}
		{29129096-21DE-473F-BEEA-6DC67459F312} = {29129096-21DE-473F-BEEA-6DC67459F312}
		{CF62B09D-A698-4F82-95B5-75A5B49B7E4E} = {CF62B09D-A698-4F82-95B5-75A5B49B7E4E}
		{2529B7A3-9E3E-4203-9BD0-010789C932F8} = {2529B7A3-9E3E-4203-9BD0-010789C932F8}
		{D03603FE-9702-4397-8DFF-66180A8C8188} = {D03603FE-9702-4397-8DFF-66180A8C8188}
	EndProjectSection
EndProject
Project("{8BC9CEB8-8B4A-11D0-8D11-00A0C91BC942}") = "killrmd", "ftdsrc\daemons\kill\killrmd.vcproj", "{6227186C-1B29-4276-82D2-08857F6AFAA3}"
	ProjectSection(ProjectDependencies) = postProject
		{CB1FE027-4F70-4B7B-A49D-8534A817AA94} = {CB1FE027-4F70-4B7B-A49D-8534A817AA94}
		{91969267-F8C9-4738-91B1-66D2D0229B77} = {91969267-F8C9-4738-91B1-66D2D0229B77}
		{169AE56B-B368-454F-889E-B94F9441462D} = {169AE56B-B368-454F-889E-B94F9441462D}
		{E15B418B-E286-4C0E-B57F-52D04F3954E7} = {E15B418B-E286-4C0E-B57F-52D04F3954E7}
		{8ED64E8F-1FEA-418A-B590-0BCDC211528B} = {8ED64E8F-1FEA-418A-B590-0BCDC211528B}
		{70618391-83DC-4D2D-AEA5-1642E38646FA} = {70618391-83DC-4D2D-AEA5-1642E38646FA}
		{4CAE9192-9BCB-481D-9D6E-B0147C43ACFE} = {4CAE9192-9BCB-481D-9D6E-B0147C43ACFE}
		{29129096-21DE-473F-BEEA-6DC67459F312} = {29129096-21DE-473F-BEEA-6DC67459F312}
		{CF62B09D-A698-4F82-95B5-75A5B49B7E4E} = {CF62B09D-A698-4F82-95B5-75A5B49B7E4E}
		{2529B7A3-9E3E-4203-9BD0-010789C932F8} = {2529B7A3-9E3E-4203-9BD0-010789C932F8}
		{D03603FE-9702-4397-8DFF-66180A8C8188} = {D03603FE-9702-4397-8DFF-66180A8C8188}
	EndProjectSection
EndProject
Project("{8BC9CEB8-8B4A-11D0-8D11-00A0C91BC942}") = "launchbackfresh", "ftdsrc\daemons\launch\launchbackfresh.vcproj", "{7F5BFBAC-4AF1-402E-9E15-1896A2B81ADC}"
	ProjectSection(ProjectDependencies) = postProject
		{CB1FE027-4F70-4B7B-A49D-8534A817AA94} = {CB1FE027-4F70-4B7B-A49D-8534A817AA94}
		{91969267-F8C9-4738-91B1-66D2D0229B77} = {91969267-F8C9-4738-91B1-66D2D0229B77}
		{169AE56B-B368-454F-889E-B94F9441462D} = {169AE56B-B368-454F-889E-B94F9441462D}
		{E15B418B-E286-4C0E-B57F-52D04F3954E7} = {E15B418B-E286-4C0E-B57F-52D04F3954E7}
		{8ED64E8F-1FEA-418A-B590-0BCDC211528B} = {8ED64E8F-1FEA-418A-B590-0BCDC211528B}
		{70618391-83DC-4D2D-AEA5-1642E38646FA} = {70618391-83DC-4D2D-AEA5-1642E38646FA}
		{4CAE9192-9BCB-481D-9D6E-B0147C43ACFE} = {4CAE9192-9BCB-481D-9D6E-B0147C43ACFE}
		{29129096-21DE-473F-BEEA-6DC67459F312} = {29129096-21DE-473F-BEEA-6DC67459F312}
		{CF62B09D-A698-4F82-95B5-75A5B49B7E4E} = {CF62B09D-A698-4F82-95B5-75A5B49B7E4E}
		{2529B7A3-9E3E-4203-9BD0-010789C932F8} = {2529B7A3-9E3E-4203-9BD0-010789C932F8}
		{D03603FE-9702-4397-8DFF-66180A8C8188} = {D03603FE-9702-4397-8DFF-66180A8C8188}
	EndProjectSection
EndProject
Project("{8BC9CEB8-8B4A-11D0-8D11-00A0C91BC942}") = "launchpmd", "ftdsrc\daemons\launch\launchpmd.vcproj", "{5891CA3B-B0C1-4FC5-92A6-79EA67FA8396}"
	ProjectSection(ProjectDependencies) = postProject
		{CB1FE027-4F70-4B7B-A49D-8534A817AA94} = {CB1FE027-4F70-4B7B-A49D-8534A817AA94}
		{91969267-F8C9-4738-91B1-66D2D0229B77} = {91969267-F8C9-4738-91B1-66D2D0229B77}
		{169AE56B-B368-454F-889E-B94F9441462D} = {169AE56B-B368-454F-889E-B94F9441462D}
		{E15B418B-E286-4C0E-B57F-52D04F3954E7} = {E15B418B-E286-4C0E-B57F-52D04F3954E7}
		{8ED64E8F-1FEA-418A-B590-0BCDC211528B} = {8ED64E8F-1FEA-418A-B590-0BCDC211528B}
		{70618391-83DC-4D2D-AEA5-1642E38646FA} = {70618391-83DC-4D2D-AEA5-1642E38646FA}
		{4CAE9192-9BCB-481D-9D6E-B0147C43ACFE} = {4CAE9192-9BCB-481D-9D6E-B0147C43ACFE}
		{29129096-21DE-473F-BEEA-6DC67459F312} = {29129096-21DE-473F-BEEA-6DC67459F312}
		{CF62B09D-A698-4F82-95B5-75A5B49B7E4E} = {CF62B09D-A698-4F82-95B5-75A5B49B7E4E}
		{2529B7A3-9E3E-4203-9BD0-010789C932F8} = {2529B7A3-9E3E-4203-9BD0-010789C932F8}
		{D03603FE-9702-4397-8DFF-66180A8C8188} = {D03603FE-9702-4397-8DFF-66180A8C8188}
	EndProjectSection
EndProject
Project("{8BC9CEB8-8B4A-11D0-8D11-00A0C91BC942}") = "launchrefresh", "ftdsrc\daemons\launch\launchrefresh.vcproj", "{5C24EB75-C6A6-4212-A86A-1509B2360506}"
	ProjectSection(ProjectDependencies) = postProject
		{CB1FE027-4F70-4B7B-A49D-8534A817AA94} = {CB1FE027-4F70-4B7B-A49D-8534A817AA94}
		{91969267-F8C9-4738-91B1-66D2D0229B77} = {91969267-F8C9-4738-91B1-66D2D0229B77}
		{169AE56B-B368-454F-889E-B94F9441462D} = {169AE56B-B368-454F-889E-B94F9441462D}
		{E15B418B-E286-4C0E-B57F-52D04F3954E7} = {E15B418B-E286-4C0E-B57F-52D04F3954E7}
		{8ED64E8F-1FEA-418A-B590-0BCDC211528B} = {8ED64E8F-1FEA-418A-B590-0BCDC211528B}
		{70618391-83DC-4D2D-AEA5-1642E38646FA} = {70618391-83DC-4D2D-AEA5-1642E38646FA}
		{4CAE9192-9BCB-481D-9D6E-B0147C43ACFE} = {4CAE9192-9BCB-481D-9D6E-B0147C43ACFE}
		{29129096-21DE-473F-BEEA-6DC67459F312} = {29129096-21DE-473F-BEEA-6DC67459F312}
		{CF62B09D-A698-4F82-95B5-75A5B49B7E4E} = {CF62B09D-A698-4F82-95B5-75A5B49B7E4E}
		{2529B7A3-9E3E-4203-9BD0-010789C932F8} = {2529B7A3-9E3E-4203-9BD0-010789C932F8}
		{D03603FE-9702-4397-8DFF-66180A8C8188} = {D03603FE-9702-4397-8DFF-66180A8C8188}
	EndProjectSection
EndProject
Project("{8BC9CEB8-8B4A-11D0-8D11-00A0C91BC942}") = "libDB", "ftdsrc\lib\LibDb\libDB.vcproj", "{36F622A0-0944-4DD9-8743-E5B972A4D567}"
	ProjectSection(ProjectDependencies) = postProject
	EndProjectSection
EndProject
Project("{8BC9CEB8-8B4A-11D0-8D11-00A0C91BC942}") = "libResMgr", "ftdsrc\lib\libResMgr\libResMgr.vcproj", "{AFD65AB5-F8B8-41F2-8748-092EA3FDCC80}"
	ProjectSection(ProjectDependencies) = postProject
	EndProjectSection
EndProject
Project("{8BC9CEB8-8B4A-11D0-8D11-00A0C91BC942}") = "libcomp", "ftdsrc\lib\libcomp\libcomp.vcproj", "{D03603FE-9702-4397-8DFF-66180A8C8188}"
	ProjectSection(ProjectDependencies) = postProject
	EndProjectSection
EndProject
Project("{8BC9CEB8-8B4A-11D0-8D11-00A0C91BC942}") = "liberr", "ftdsrc\lib\liberr\liberr.vcproj", "{4CAE9192-9BCB-481D-9D6E-B0147C43ACFE}"
	ProjectSection(ProjectDependencies) = postProject
		{52D688BB-47BF-4A4F-B8AF-4C6ED3E9C216} = {52D688BB-47BF-4A4F-B8AF-4C6ED3E9C216}
	EndProjectSection
EndProject
Project("{8BC9CEB8-8B4A-11D0-8D11-00A0C91BC942}") = "libftd", "ftdsrc\lib\libftd\libftd.vcproj", "{8ED64E8F-1FEA-418A-B590-0BCDC211528B}"
	ProjectSection(ProjectDependencies) = postProject
	EndProjectSection
EndProject
Project("{8BC9CEB8-8B4A-11D0-8D11-00A0C91BC942}") = "liblic", "ftdsrc\lib\liblic\liblic.vcproj", "{CB1FE027-4F70-4B7B-A49D-8534A817AA94}"
	ProjectSection(ProjectDependencies) = postProject
	EndProjectSection
EndProject
Project("{8BC9CEB8-8B4A-11D0-8D11-00A0C91BC942}") = "liblst", "ftdsrc\lib\liblst\liblst.vcproj", "{169AE56B-B368-454F-889E-B94F9441462D}"
	ProjectSection(ProjectDependencies) = postProject
	EndProjectSection
EndProject
Project("{8BC9CEB8-8B4A-11D0-8D11-00A0C91BC942}") = "libmd5", "ftdsrc\lib\libmd5\libmd5.vcproj", "{91969267-F8C9-4738-91B1-66D2D0229B77}"
	ProjectSection(ProjectDependencies) = postProject
	EndProjectSection
EndProject
Project("{8BC9CEB8-8B4A-11D0-8D11-00A0C91BC942}") = "libmngt", "ftdsrc\lib\libmngt\libmngt_lib.vcproj", "{70618391-83DC-4D2D-AEA5-1642E38646FA}"
	ProjectSection(ProjectDependencies) = postProject
		{CF62B09D-A698-4F82-95B5-75A5B49B7E4E} = {CF62B09D-A698-4F82-95B5-75A5B49B7E4E}
	EndProjectSection
EndProject
Project("{8BC9CEB8-8B4A-11D0-8D11-00A0C91BC942}") = "libproc", "ftdsrc\lib\libproc\libproc.vcproj", "{29129096-21DE-473F-BEEA-6DC67459F312}"
	ProjectSection(ProjectDependencies) = postProject
	EndProjectSection
EndProject
Project("{8BC9CEB8-8B4A-11D0-8D11-00A0C91BC942}") = "libsock", "ftdsrc\lib\libsock\libsock.vcproj", "{CF62B09D-A698-4F82-95B5-75A5B49B7E4E}"
	ProjectSection(ProjectDependencies) = postProject
		{52D688BB-47BF-4A4F-B8AF-4C6ED3E9C216} = {52D688BB-47BF-4A4F-B8AF-4C6ED3E9C216}
	EndProjectSection
EndProject
Project("{8BC9CEB8-8B4A-11D0-8D11-00A0C91BC942}") = "libutil", "ftdsrc\lib\libutil\libutil.vcproj", "{E15B418B-E286-4C0E-B57F-52D04F3954E7}"
	ProjectSection(ProjectDependencies) = postProject
	EndProjectSection
EndProject
Project("{8BC9CEB8-8B4A-11D0-8D11-00A0C91BC942}") = "license", "ftdsrc\Installshield\license\license.vcproj", "{542806EB-D7A0-4B1C-8A63-7A9A5A0DC72A}"
	ProjectSection(ProjectDependencies) = postProject
		{CB1FE027-4F70-4B7B-A49D-8534A817AA94} = {CB1FE027-4F70-4B7B-A49D-8534A817AA94}
		{169AE56B-B368-454F-889E-B94F9441462D} = {169AE56B-B368-454F-889E-B94F9441462D}
		{E15B418B-E286-4C0E-B57F-52D04F3954E7} = {E15B418B-E286-4C0E-B57F-52D04F3954E7}
		{8ED64E8F-1FEA-418A-B590-0BCDC211528B} = {8ED64E8F-1FEA-418A-B590-0BCDC211528B}
		{4CAE9192-9BCB-481D-9D6E-B0147C43ACFE} = {4CAE9192-9BCB-481D-9D6E-B0147C43ACFE}
		{CF62B09D-A698-4F82-95B5-75A5B49B7E4E} = {CF62B09D-A698-4F82-95B5-75A5B49B7E4E}
	EndProjectSection
EndProject
Project("{8BC9CEB8-8B4A-11D0-8D11-00A0C91BC942}") = "licinfo", "ftdsrc\libexec\licinfo\licinfo.vcproj", "{A1D16B7E-77F5-43C8-BB86-14D68FD58404}"
	ProjectSection(ProjectDependencies) = postProject
		{CB1FE027-4F70-4B7B-A49D-8534A817AA94} = {CB1FE027-4F70-4B7B-A49D-8534A817AA94}
		{91969267-F8C9-4738-91B1-66D2D0229B77} = {91969267-F8C9-4738-91B1-66D2D0229B77}
		{169AE56B-B368-454F-889E-B94F9441462D} = {169AE56B-B368-454F-889E-B94F9441462D}
		{E15B418B-E286-4C0E-B57F-52D04F3954E7} = {E15B418B-E286-4C0E-B57F-52D04F3954E7}
		{8ED64E8F-1FEA-418A-B590-0BCDC211528B} = {8ED64E8F-1FEA-418A-B590-0BCDC211528B}
		{70618391-83DC-4D2D-AEA5-1642E38646FA} = {70618391-83DC-4D2D-AEA5-1642E38646FA}
		{4CAE9192-9BCB-481D-9D6E-B0147C43ACFE} = {4CAE9192-9BCB-481D-9D6E-B0147C43ACFE}
		{29129096-21DE-473F-BEEA-6DC67459F312} = {29129096-21DE-473F-BEEA-6DC67459F312}
		{CF62B09D-A698-4F82-95B5-75A5B49B7E4E} = {CF62B09D-A698-4F82-95B5-75A5B49B7E4E}
		{D03603FE-9702-4397-8DFF-66180A8C8188} = {D03603FE-9702-4397-8DFF-66180A8C8188}
	EndProjectSection
EndProject
Project("{8BC9CEB8-8B4A-11D0-8D11-00A0C91BC942}") = "override", "ftdsrc\libexec\override\override.vcproj", "{05BCA1FC-4106-49C4-90D6-E8A8C53C2B33}"
	ProjectSection(ProjectDependencies) = postProject
		{CB1FE027-4F70-4B7B-A49D-8534A817AA94} = {CB1FE027-4F70-4B7B-A49D-8534A817AA94}
		{91969267-F8C9-4738-91B1-66D2D0229B77} = {91969267-F8C9-4738-91B1-66D2D0229B77}
		{169AE56B-B368-454F-889E-B94F9441462D} = {169AE56B-B368-454F-889E-B94F9441462D}
		{E15B418B-E286-4C0E-B57F-52D04F3954E7} = {E15B418B-E286-4C0E-B57F-52D04F3954E7}
		{8ED64E8F-1FEA-418A-B590-0BCDC211528B} = {8ED64E8F-1FEA-418A-B590-0BCDC211528B}
		{70618391-83DC-4D2D-AEA5-1642E38646FA} = {70618391-83DC-4D2D-AEA5-1642E38646FA}
		{4CAE9192-9BCB-481D-9D6E-B0147C43ACFE} = {4CAE9192-9BCB-481D-9D6E-B0147C43ACFE}
		{29129096-21DE-473F-BEEA-6DC67459F312} = {29129096-21DE-473F-BEEA-6DC67459F312}
		{CF62B09D-A698-4F82-95B5-75A5B49B7E4E} = {CF62B09D-A698-4F82-95B5-75A5B49B7E4E}
		{D03603FE-9702-4397-8DFF-66180A8C8188} = {D03603FE-9702-4397-8DFF-66180A8C8188}
	EndProjectSection
EndProject
Project("{8BC9CEB8-8B4A-11D0-8D11-00A0C91BC942}") = "reco", "ftdsrc\libexec\reco\reco.vcproj", "{0B42F16B-82F8-4C8D-9888-BBBDC3CA5D44}"
	ProjectSection(ProjectDependencies) = postProject
		{CB1FE027-4F70-4B7B-A49D-8534A817AA94} = {CB1FE027-4F70-4B7B-A49D-8534A817AA94}
		{91969267-F8C9-4738-91B1-66D2D0229B77} = {91969267-F8C9-4738-91B1-66D2D0229B77}
		{169AE56B-B368-454F-889E-B94F9441462D} = {169AE56B-B368-454F-889E-B94F9441462D}
		{E15B418B-E286-4C0E-B57F-52D04F3954E7} = {E15B418B-E286-4C0E-B57F-52D04F3954E7}
		{8ED64E8F-1FEA-418A-B590-0BCDC211528B} = {8ED64E8F-1FEA-418A-B590-0BCDC211528B}
		{70618391-83DC-4D2D-AEA5-1642E38646FA} = {70618391-83DC-4D2D-AEA5-1642E38646FA}
		{4CAE9192-9BCB-481D-9D6E-B0147C43ACFE} = {4CAE9192-9BCB-481D-9D6E-B0147C43ACFE}
		{29129096-21DE-473F-BEEA-6DC67459F312} = {29129096-21DE-473F-BEEA-6DC67459F312}
		{CF62B09D-A698-4F82-95B5-75A5B49B7E4E} = {CF62B09D-A698-4F82-95B5-75A5B49B7E4E}
		{D03603FE-9702-4397-8DFF-66180A8C8188} = {D03603FE-9702-4397-8DFF-66180A8C8188}
	EndProjectSection
EndProject
Project("{8BC9CEB8-8B4A-11D0-8D11-00A0C91BC942}") = "set", "ftdsrc\libexec\set\set.vcproj", "{4328FAE4-A3DB-4966-9D7F-F7E6E698C5C5}"
	ProjectSection(ProjectDependencies) = postProject
		{CB1FE027-4F70-4B7B-A49D-8534A817AA94} = {CB1FE027-4F70-4B7B-A49D-8534A817AA94}
		{91969267-F8C9-4738-91B1-66D2D0229B77} = {91969267-F8C9-4738-91B1-66D2D0229B77}
		{169AE56B-B368-454F-889E-B94F9441462D} = {169AE56B-B368-454F-889E-B94F9441462D}
		{E15B418B-E286-4C0E-B57F-52D04F3954E7} = {E15B418B-E286-4C0E-B57F-52D04F3954E7}
		{8ED64E8F-1FEA-418A-B590-0BCDC211528B} = {8ED64E8F-1FEA-418A-B590-0BCDC211528B}
		{70618391-83DC-4D2D-AEA5-1642E38646FA} = {70618391-83DC-4D2D-AEA5-1642E38646FA}
		{4CAE9192-9BCB-481D-9D6E-B0147C43ACFE} = {4CAE9192-9BCB-481D-9D6E-B0147C43ACFE}
		{29129096-21DE-473F-BEEA-6DC67459F312} = {29129096-21DE-473F-BEEA-6DC67459F312}
		{CF62B09D-A698-4F82-95B5-75A5B49B7E4E} = {CF62B09D-A698-4F82-95B5-75A5B49B7E4E}
		{D03603FE-9702-4397-8DFF-66180A8C8188} = {D03603FE-9702-4397-8DFF-66180A8C8188}
	EndProjectSection
EndProject
Project("{8BC9CEB8-8B4A-11D0-8D11-00A0C91BC942}") = "start", "ftdsrc\libexec\start\start.vcproj", "{8426A5F6-1751-4EC9-A633-670FF03124FE}"
	ProjectSection(ProjectDependencies) = postProject
		{CB1FE027-4F70-4B7B-A49D-8534A817AA94} = {CB1FE027-4F70-4B7B-A49D-8534A817AA94}
		{91969267-F8C9-4738-91B1-66D2D0229B77} = {91969267-F8C9-4738-91B1-66D2D0229B77}
		{169AE56B-B368-454F-889E-B94F9441462D} = {169AE56B-B368-454F-889E-B94F9441462D}
		{E15B418B-E286-4C0E-B57F-52D04F3954E7} = {E15B418B-E286-4C0E-B57F-52D04F3954E7}
		{8ED64E8F-1FEA-418A-B590-0BCDC211528B} = {8ED64E8F-1FEA-418A-B590-0BCDC211528B}
		{70618391-83DC-4D2D-AEA5-1642E38646FA} = {70618391-83DC-4D2D-AEA5-1642E38646FA}
		{4CAE9192-9BCB-481D-9D6E-B0147C43ACFE} = {4CAE9192-9BCB-481D-9D6E-B0147C43ACFE}
		{29129096-21DE-473F-BEEA-6DC67459F312} = {29129096-21DE-473F-BEEA-6DC67459F312}
		{CF62B09D-A698-4F82-95B5-75A5B49B7E4E} = {CF62B09D-A698-4F82-95B5-75A5B49B7E4E}
		{D03603FE-9702-4397-8DFF-66180A8C8188} = {D03603FE-9702-4397-8DFF-66180A8C8188}
	EndProjectSection
EndProject
Project("{8BC9CEB8-8B4A-11D0-8D11-00A0C91BC942}") = "stop", "ftdsrc\libexec\stop\stop.vcproj", "{81EB8EDE-6231-43B1-807C-910B3EA7E35D}"
	ProjectSection(ProjectDependencies) = postProject
		{CB1FE027-4F70-4B7B-A49D-8534A817AA94} = {CB1FE027-4F70-4B7B-A49D-8534A817AA94}
		{91969267-F8C9-4738-91B1-66D2D0229B77} = {91969267-F8C9-4738-91B1-66D2D0229B77}
		{169AE56B-B368-454F-889E-B94F9441462D} = {169AE56B-B368-454F-889E-B94F9441462D}
		{E15B418B-E286-4C0E-B57F-52D04F3954E7} = {E15B418B-E286-4C0E-B57F-52D04F3954E7}
		{8ED64E8F-1FEA-418A-B590-0BCDC211528B} = {8ED64E8F-1FEA-418A-B590-0BCDC211528B}
		{70618391-83DC-4D2D-AEA5-1642E38646FA} = {70618391-83DC-4D2D-AEA5-1642E38646FA}
		{4CAE9192-9BCB-481D-9D6E-B0147C43ACFE} = {4CAE9192-9BCB-481D-9D6E-B0147C43ACFE}
		{29129096-21DE-473F-BEEA-6DC67459F312} = {29129096-21DE-473F-BEEA-6DC67459F312}
		{CF62B09D-A698-4F82-95B5-75A5B49B7E4E} = {CF62B09D-A698-4F82-95B5-75A5B49B7E4E}
		{D03603FE-9702-4397-8DFF-66180A8C8188} = {D03603FE-9702-4397-8DFF-66180A8C8188}
	EndProjectSection
EndProject
Project("{8BC9CEB8-8B4A-11D0-8D11-00A0C91BC942}") = "tdmfanalyzer", "ftdsrc\Utilities\Analyzer\Application\TDMFANALYZER.vcproj", "{091F5D8D-D89D-4096-B117-52646742D3DD}"
	ProjectSection(ProjectDependencies) = postProject
		{18E90455-9BB1-4847-869E-F6B3824DE4B5} = {18E90455-9BB1-4847-869E-F6B3824DE4B5}
	EndProjectSection
EndProject
Project("{8BC9CEB8-8B4A-11D0-8D11-00A0C91BC942}") = "trace", "ftdsrc\libexec\trace\trace.vcproj", "{57E22880-A6A3-46D4-9966-6A45C34DA4B4}"
	ProjectSection(ProjectDependencies) = postProject
		{CB1FE027-4F70-4B7B-A49D-8534A817AA94} = {CB1FE027-4F70-4B7B-A49D-8534A817AA94}
		{91969267-F8C9-4738-91B1-66D2D0229B77} = {91969267-F8C9-4738-91B1-66D2D0229B77}
		{169AE56B-B368-454F-889E-B94F9441462D} = {169AE56B-B368-454F-889E-B94F9441462D}
		{E15B418B-E286-4C0E-B57F-52D04F3954E7} = {E15B418B-E286-4C0E-B57F-52D04F3954E7}
		{8ED64E8F-1FEA-418A-B590-0BCDC211528B} = {8ED64E8F-1FEA-418A-B590-0BCDC211528B}
		{70618391-83DC-4D2D-AEA5-1642E38646FA} = {70618391-83DC-4D2D-AEA5-1642E38646FA}
		{4CAE9192-9BCB-481D-9D6E-B0147C43ACFE} = {4CAE9192-9BCB-481D-9D6E-B0147C43ACFE}
		{29129096-21DE-473F-BEEA-6DC67459F312} = {29129096-21DE-473F-BEEA-6DC67459F312}
		{CF62B09D-A698-4F82-95B5-75A5B49B7E4E} = {CF62B09D-A698-4F82-95B5-75A5B49B7E4E}
		{D03603FE-9702-4397-8DFF-66180A8C8188} = {D03603FE-9702-4397-8DFF-66180A8C8188}
	EndProjectSection
EndProject
Project("{8BC9CEB8-8B4A-11D0-8D11-00A0C91BC942}") = "debugcapture", "ftdsrc\libexec\debugcapture\debugcapture.vcproj", "{DB38A0D2-E142-44ED-97CC-7E036E8145ED}"
	ProjectSection(ProjectDependencies) = postProject
		{CB1FE027-4F70-4B7B-A49D-8534A817AA94} = {CB1FE027-4F70-4B7B-A49D-8534A817AA94}
		{91969267-F8C9-4738-91B1-66D2D0229B77} = {91969267-F8C9-4738-91B1-66D2D0229B77}
		{169AE56B-B368-454F-889E-B94F9441462D} = {169AE56B-B368-454F-889E-B94F9441462D}
		{E15B418B-E286-4C0E-B57F-52D04F3954E7} = {E15B418B-E286-4C0E-B57F-52D04F3954E7}
		{8ED64E8F-1FEA-418A-B590-0BCDC211528B} = {8ED64E8F-1FEA-418A-B590-0BCDC211528B}
		{70618391-83DC-4D2D-AEA5-1642E38646FA} = {70618391-83DC-4D2D-AEA5-1642E38646FA}
		{4CAE9192-9BCB-481D-9D6E-B0147C43ACFE} = {4CAE9192-9BCB-481D-9D6E-B0147C43ACFE}
		{29129096-21DE-473F-BEEA-6DC67459F312} = {29129096-21DE-473F-BEEA-6DC67459F312}
		{CF62B09D-A698-4F82-95B5-75A5B49B7E4E} = {CF62B09D-A698-4F82-95B5-75A5B49B7E4E}
		{D03603FE-9702-4397-8DFF-66180A8C8188} = {D03603FE-9702-4397-8DFF-66180A8C8188}
	EndProjectSection
EndProject
Project("{8BC9CEB8-8B4A-11D0-8D11-00A0C91BC942}") = "TDMFAnalyzerDriver", "ftdsrc\Utilities\Analyzer\TDMFDriver\TDMFDriver.vcproj", "{18E90455-9BB1-4847-869E-F6B3824DE4B5}"
	ProjectSection(ProjectDependencies) = postProject
	EndProjectSection
EndProject
Project("{8BC9CEB8-8B4A-11D0-8D11-00A0C91BC942}") = "RplLibWrapper", "ftdsrc\lib\RplLibWrapper\RplLibWrapper.vcproj", "{3D0C0063-7ED4-4248-BF35-0079BEB538D6}"
	ProjectSection(ProjectDependencies) = postProject
	EndProjectSection
EndProject
Project("{8BC9CEB8-8B4A-11D0-8D11-00A0C91BC942}") = "ConfigurationTool", "ftdsrc\gui\ConfigurationTool\ConfigurationTool.vcproj", "{16850681-D876-44A3-980D-3308E673FB4F}"
	ProjectSection(ProjectDependencies) = postProject
	EndProjectSection
EndProject
Project("{8BC9CEB8-8B4A-11D0-8D11-00A0C91BC942}") = "MonitorTool", "ftdsrc\gui\monitortool\MonitorTool.vcproj", "{20C9F4DF-73A9-4DA0-A32F-6B29C0293DAD}"
	ProjectSection(ProjectDependencies) = postProject
	EndProjectSection
EndProject
Global
	GlobalSection(SourceCodeControl) = preSolution
		SccNumberOfProjects = 1
		SccProjectUniqueName0 = ftdsrc\\gui\\monitortool\\MonitorTool.vcproj
		SccProjectName0 = \u0022$/ftdsrc/gui/MonitorTool\u0022,\u0020ILFAAAAA
		SccLocalPath0 = ftdsrc\\gui\\monitortool
		SccProvider0 = MSSCCI:Microsoft\u0020Visual\u0020SourceSafe
	EndGlobalSection
	GlobalSection(SolutionConfiguration) = preSolution
		Debug = Debug
		Release = Release
		W2K_Debug = W2K_Debug
		W2K_Release = W2K_Release
	EndGlobalSection
	GlobalSection(ProjectConfiguration) = postSolution
		{74C95F16-C15A-4CBE-8179-2B7726A98A5B}.Debug.ActiveCfg = Debug|Win32
		{74C95F16-C15A-4CBE-8179-2B7726A98A5B}.Debug.Build.0 = Debug|Win32
		{74C95F16-C15A-4CBE-8179-2B7726A98A5B}.Release.ActiveCfg = Release|Win32
		{74C95F16-C15A-4CBE-8179-2B7726A98A5B}.Release.Build.0 = Release|Win32
		{74C95F16-C15A-4CBE-8179-2B7726A98A5B}.W2K_Debug.ActiveCfg = W2K_Debug|Win32
		{74C95F16-C15A-4CBE-8179-2B7726A98A5B}.W2K_Debug.Build.0 = W2K_Debug|Win32
		{74C95F16-C15A-4CBE-8179-2B7726A98A5B}.W2K_Release.ActiveCfg = W2K_Release|Win32
		{74C95F16-C15A-4CBE-8179-2B7726A98A5B}.W2K_Release.Build.0 = W2K_Release|Win32
		{C889E64E-6393-41E4-BA83-1FE18261768B}.Debug.ActiveCfg = Debug|Win32
		{C889E64E-6393-41E4-BA83-1FE18261768B}.Debug.Build.0 = Debug|Win32
		{C889E64E-6393-41E4-BA83-1FE18261768B}.Release.ActiveCfg = Release|Win32
		{C889E64E-6393-41E4-BA83-1FE18261768B}.Release.Build.0 = Release|Win32
		{C889E64E-6393-41E4-BA83-1FE18261768B}.W2K_Debug.ActiveCfg = W2K_Debug|Win32
		{C889E64E-6393-41E4-BA83-1FE18261768B}.W2K_Debug.Build.0 = W2K_Debug|Win32
		{C889E64E-6393-41E4-BA83-1FE18261768B}.W2K_Release.ActiveCfg = W2K_Release|Win32
		{C889E64E-6393-41E4-BA83-1FE18261768B}.W2K_Release.Build.0 = W2K_Release|Win32
		{2529B7A3-9E3E-4203-9BD0-010789C932F8}.Debug.ActiveCfg = Debug|Win32
		{2529B7A3-9E3E-4203-9BD0-010789C932F8}.Debug.Build.0 = Debug|Win32
		{2529B7A3-9E3E-4203-9BD0-010789C932F8}.Release.ActiveCfg = Release|Win32
		{2529B7A3-9E3E-4203-9BD0-010789C932F8}.Release.Build.0 = Release|Win32
		{2529B7A3-9E3E-4203-9BD0-010789C932F8}.W2K_Debug.ActiveCfg = W2K_Debug|Win32
		{2529B7A3-9E3E-4203-9BD0-010789C932F8}.W2K_Debug.Build.0 = W2K_Debug|Win32
		{2529B7A3-9E3E-4203-9BD0-010789C932F8}.W2K_Release.ActiveCfg = W2K_Release|Win32
		{2529B7A3-9E3E-4203-9BD0-010789C932F8}.W2K_Release.Build.0 = W2K_Release|Win32
		{52D688BB-47BF-4A4F-B8AF-4C6ED3E9C216}.Debug.ActiveCfg = Debug|Win32
		{52D688BB-47BF-4A4F-B8AF-4C6ED3E9C216}.Debug.Build.0 = Debug|Win32
		{52D688BB-47BF-4A4F-B8AF-4C6ED3E9C216}.Release.ActiveCfg = Release|Win32
		{52D688BB-47BF-4A4F-B8AF-4C6ED3E9C216}.Release.Build.0 = Release|Win32
		{52D688BB-47BF-4A4F-B8AF-4C6ED3E9C216}.W2K_Debug.ActiveCfg = W2K_Debug|Win32
		{52D688BB-47BF-4A4F-B8AF-4C6ED3E9C216}.W2K_Debug.Build.0 = W2K_Debug|Win32
		{52D688BB-47BF-4A4F-B8AF-4C6ED3E9C216}.W2K_Release.ActiveCfg = W2K_Release|Win32
		{52D688BB-47BF-4A4F-B8AF-4C6ED3E9C216}.W2K_Release.Build.0 = W2K_Release|Win32
		{FF0373E1-7C1E-4AB0-B19C-9A70A49EA742}.Debug.ActiveCfg = Debug|Win32
		{FF0373E1-7C1E-4AB0-B19C-9A70A49EA742}.Debug.Build.0 = Debug|Win32
		{FF0373E1-7C1E-4AB0-B19C-9A70A49EA742}.Release.ActiveCfg = Release|Win32
		{FF0373E1-7C1E-4AB0-B19C-9A70A49EA742}.Release.Build.0 = Release|Win32
		{FF0373E1-7C1E-4AB0-B19C-9A70A49EA742}.W2K_Debug.ActiveCfg = W2K_Debug|Win32
		{FF0373E1-7C1E-4AB0-B19C-9A70A49EA742}.W2K_Debug.Build.0 = W2K_Debug|Win32
		{FF0373E1-7C1E-4AB0-B19C-9A70A49EA742}.W2K_Release.ActiveCfg = W2K_Release|Win32
		{FF0373E1-7C1E-4AB0-B19C-9A70A49EA742}.W2K_Release.Build.0 = W2K_Release|Win32
		{BB21DF39-23E0-4C6B-85FE-47C69225AF0B}.Debug.ActiveCfg = Debug|Win32
		{BB21DF39-23E0-4C6B-85FE-47C69225AF0B}.Debug.Build.0 = Debug|Win32
		{BB21DF39-23E0-4C6B-85FE-47C69225AF0B}.Release.ActiveCfg = Release|Win32
		{BB21DF39-23E0-4C6B-85FE-47C69225AF0B}.Release.Build.0 = Release|Win32
		{BB21DF39-23E0-4C6B-85FE-47C69225AF0B}.W2K_Debug.ActiveCfg = W2K_Debug|Win32
		{BB21DF39-23E0-4C6B-85FE-47C69225AF0B}.W2K_Debug.Build.0 = W2K_Debug|Win32
		{BB21DF39-23E0-4C6B-85FE-47C69225AF0B}.W2K_Release.ActiveCfg = W2K_Release|Win32
		{BB21DF39-23E0-4C6B-85FE-47C69225AF0B}.W2K_Release.Build.0 = W2K_Release|Win32
		{E9928E75-618C-4DCF-BE26-95DF4E8FFAE9}.Debug.ActiveCfg = Debug|Win32
		{E9928E75-618C-4DCF-BE26-95DF4E8FFAE9}.Debug.Build.0 = Debug|Win32
		{E9928E75-618C-4DCF-BE26-95DF4E8FFAE9}.Release.ActiveCfg = Release|Win32
		{E9928E75-618C-4DCF-BE26-95DF4E8FFAE9}.Release.Build.0 = Release|Win32
		{E9928E75-618C-4DCF-BE26-95DF4E8FFAE9}.W2K_Debug.ActiveCfg = W2K_Debug|Win32
		{E9928E75-618C-4DCF-BE26-95DF4E8FFAE9}.W2K_Debug.Build.0 = W2K_Debug|Win32
		{E9928E75-618C-4DCF-BE26-95DF4E8FFAE9}.W2K_Release.ActiveCfg = W2K_Release|Win32
		{E9928E75-618C-4DCF-BE26-95DF4E8FFAE9}.W2K_Release.Build.0 = W2K_Release|Win32
		{EB46B4AD-B418-4A0C-ACF6-45AEE86B7060}.Debug.ActiveCfg = Debug|Win32
		{EB46B4AD-B418-4A0C-ACF6-45AEE86B7060}.Debug.Build.0 = Debug|Win32
		{EB46B4AD-B418-4A0C-ACF6-45AEE86B7060}.Release.ActiveCfg = Release|Win32
		{EB46B4AD-B418-4A0C-ACF6-45AEE86B7060}.Release.Build.0 = Release|Win32
		{EB46B4AD-B418-4A0C-ACF6-45AEE86B7060}.W2K_Debug.ActiveCfg = W2K_Debug|Win32
		{EB46B4AD-B418-4A0C-ACF6-45AEE86B7060}.W2K_Debug.Build.0 = W2K_Debug|Win32
		{EB46B4AD-B418-4A0C-ACF6-45AEE86B7060}.W2K_Release.ActiveCfg = W2K_Release|Win32
		{EB46B4AD-B418-4A0C-ACF6-45AEE86B7060}.W2K_Release.Build.0 = W2K_Release|Win32
		{92502593-C19A-4277-9588-0ED459D1A820}.Debug.ActiveCfg = Debug|Win32
		{92502593-C19A-4277-9588-0ED459D1A820}.Debug.Build.0 = Debug|Win32
		{92502593-C19A-4277-9588-0ED459D1A820}.Release.ActiveCfg = Release|Win32
		{92502593-C19A-4277-9588-0ED459D1A820}.Release.Build.0 = Release|Win32
		{92502593-C19A-4277-9588-0ED459D1A820}.W2K_Debug.ActiveCfg = W2K_Debug|Win32
		{92502593-C19A-4277-9588-0ED459D1A820}.W2K_Debug.Build.0 = W2K_Debug|Win32
		{92502593-C19A-4277-9588-0ED459D1A820}.W2K_Release.ActiveCfg = W2K_Release|Win32
		{92502593-C19A-4277-9588-0ED459D1A820}.W2K_Release.Build.0 = W2K_Release|Win32
		{D6370992-ADE2-454E-86C1-501EDB1F96FC}.Debug.ActiveCfg = Debug|Win32
		{D6370992-ADE2-454E-86C1-501EDB1F96FC}.Debug.Build.0 = Debug|Win32
		{D6370992-ADE2-454E-86C1-501EDB1F96FC}.Release.ActiveCfg = Release|Win32
		{D6370992-ADE2-454E-86C1-501EDB1F96FC}.Release.Build.0 = Release|Win32
		{D6370992-ADE2-454E-86C1-501EDB1F96FC}.W2K_Debug.ActiveCfg = W2K_Debug|Win32
		{D6370992-ADE2-454E-86C1-501EDB1F96FC}.W2K_Debug.Build.0 = W2K_Debug|Win32
		{D6370992-ADE2-454E-86C1-501EDB1F96FC}.W2K_Release.ActiveCfg = W2K_Release|Win32
		{D6370992-ADE2-454E-86C1-501EDB1F96FC}.W2K_Release.Build.0 = W2K_Release|Win32
		{F15B42EB-875A-4683-B4FD-95BCC7C758D1}.Debug.ActiveCfg = Debug|Win32
		{F15B42EB-875A-4683-B4FD-95BCC7C758D1}.Debug.Build.0 = Debug|Win32
		{F15B42EB-875A-4683-B4FD-95BCC7C758D1}.Release.ActiveCfg = Release|Win32
		{F15B42EB-875A-4683-B4FD-95BCC7C758D1}.Release.Build.0 = Release|Win32
		{F15B42EB-875A-4683-B4FD-95BCC7C758D1}.W2K_Debug.ActiveCfg = W2K_Debug|Win32
		{F15B42EB-875A-4683-B4FD-95BCC7C758D1}.W2K_Debug.Build.0 = W2K_Debug|Win32
		{F15B42EB-875A-4683-B4FD-95BCC7C758D1}.W2K_Release.ActiveCfg = W2K_Release|Win32
		{F15B42EB-875A-4683-B4FD-95BCC7C758D1}.W2K_Release.Build.0 = W2K_Release|Win32
		{C10A7EDF-812D-4E6A-BB80-81DDE8C81953}.Debug.ActiveCfg = Debug|Win32
		{C10A7EDF-812D-4E6A-BB80-81DDE8C81953}.Debug.Build.0 = Debug|Win32
		{C10A7EDF-812D-4E6A-BB80-81DDE8C81953}.Release.ActiveCfg = Release|Win32
		{C10A7EDF-812D-4E6A-BB80-81DDE8C81953}.Release.Build.0 = Release|Win32
		{C10A7EDF-812D-4E6A-BB80-81DDE8C81953}.W2K_Debug.ActiveCfg = W2K_Debug|Win32
		{C10A7EDF-812D-4E6A-BB80-81DDE8C81953}.W2K_Debug.Build.0 = W2K_Debug|Win32
		{C10A7EDF-812D-4E6A-BB80-81DDE8C81953}.W2K_Release.ActiveCfg = W2K_Release|Win32
		{C10A7EDF-812D-4E6A-BB80-81DDE8C81953}.W2K_Release.Build.0 = W2K_Release|Win32
		{3A57BB9F-CD45-4085-A709-61FA9BBDFEEC}.Debug.ActiveCfg = Debug|Win32
		{3A57BB9F-CD45-4085-A709-61FA9BBDFEEC}.Debug.Build.0 = Debug|Win32
		{3A57BB9F-CD45-4085-A709-61FA9BBDFEEC}.Release.ActiveCfg = Release|Win32
		{3A57BB9F-CD45-4085-A709-61FA9BBDFEEC}.Release.Build.0 = Release|Win32
		{3A57BB9F-CD45-4085-A709-61FA9BBDFEEC}.W2K_Debug.ActiveCfg = W2K_Debug|Win32
		{3A57BB9F-CD45-4085-A709-61FA9BBDFEEC}.W2K_Debug.Build.0 = W2K_Debug|Win32
		{3A57BB9F-CD45-4085-A709-61FA9BBDFEEC}.W2K_Release.ActiveCfg = W2K_Release|Win32
		{3A57BB9F-CD45-4085-A709-61FA9BBDFEEC}.W2K_Release.Build.0 = W2K_Release|Win32
		{20D715BE-5128-45BF-8D55-7243BC56882B}.Debug.ActiveCfg = Debug|Win32
		{20D715BE-5128-45BF-8D55-7243BC56882B}.Debug.Build.0 = Debug|Win32
		{20D715BE-5128-45BF-8D55-7243BC56882B}.Release.ActiveCfg = Release|Win32
		{20D715BE-5128-45BF-8D55-7243BC56882B}.Release.Build.0 = Release|Win32
		{20D715BE-5128-45BF-8D55-7243BC56882B}.W2K_Debug.ActiveCfg = W2K_Debug|Win32
		{20D715BE-5128-45BF-8D55-7243BC56882B}.W2K_Debug.Build.0 = W2K_Debug|Win32
		{20D715BE-5128-45BF-8D55-7243BC56882B}.W2K_Release.ActiveCfg = W2K_Release|Win32
		{20D715BE-5128-45BF-8D55-7243BC56882B}.W2K_Release.Build.0 = W2K_Release|Win32
		{E2906346-C782-45A2-A69B-F6C7314775E4}.Debug.ActiveCfg = Debug|Win32
		{E2906346-C782-45A2-A69B-F6C7314775E4}.Debug.Build.0 = Debug|Win32
		{E2906346-C782-45A2-A69B-F6C7314775E4}.Release.ActiveCfg = Release|Win32
		{E2906346-C782-45A2-A69B-F6C7314775E4}.Release.Build.0 = Release|Win32
		{E2906346-C782-45A2-A69B-F6C7314775E4}.W2K_Debug.ActiveCfg = W2K_Debug|Win32
		{E2906346-C782-45A2-A69B-F6C7314775E4}.W2K_Debug.Build.0 = W2K_Debug|Win32
		{E2906346-C782-45A2-A69B-F6C7314775E4}.W2K_Release.ActiveCfg = W2K_Release|Win32
		{E2906346-C782-45A2-A69B-F6C7314775E4}.W2K_Release.Build.0 = W2K_Release|Win32
		{3273CA1F-60F6-4B36-A9BF-F79D9BD5BEF5}.Debug.ActiveCfg = Debug|Win32
		{3273CA1F-60F6-4B36-A9BF-F79D9BD5BEF5}.Debug.Build.0 = Debug|Win32
		{3273CA1F-60F6-4B36-A9BF-F79D9BD5BEF5}.Release.ActiveCfg = Release|Win32
		{3273CA1F-60F6-4B36-A9BF-F79D9BD5BEF5}.Release.Build.0 = Release|Win32
		{3273CA1F-60F6-4B36-A9BF-F79D9BD5BEF5}.W2K_Debug.ActiveCfg = W2K_Debug|Win32
		{3273CA1F-60F6-4B36-A9BF-F79D9BD5BEF5}.W2K_Debug.Build.0 = W2K_Debug|Win32
		{3273CA1F-60F6-4B36-A9BF-F79D9BD5BEF5}.W2K_Release.ActiveCfg = W2K_Release|Win32
		{3273CA1F-60F6-4B36-A9BF-F79D9BD5BEF5}.W2K_Release.Build.0 = W2K_Release|Win32
		{25AD59AF-5A09-4383-AEDE-208EE8454416}.Debug.ActiveCfg = Debug|Win32
		{25AD59AF-5A09-4383-AEDE-208EE8454416}.Debug.Build.0 = Debug|Win32
		{25AD59AF-5A09-4383-AEDE-208EE8454416}.Release.ActiveCfg = Release|Win32
		{25AD59AF-5A09-4383-AEDE-208EE8454416}.Release.Build.0 = Release|Win32
		{25AD59AF-5A09-4383-AEDE-208EE8454416}.W2K_Debug.ActiveCfg = W2K_Debug|Win32
		{25AD59AF-5A09-4383-AEDE-208EE8454416}.W2K_Debug.Build.0 = W2K_Debug|Win32
		{25AD59AF-5A09-4383-AEDE-208EE8454416}.W2K_Release.ActiveCfg = W2K_Release|Win32
		{25AD59AF-5A09-4383-AEDE-208EE8454416}.W2K_Release.Build.0 = W2K_Release|Win32
		{FBECFD82-C87B-4387-B73A-C5801FD1033F}.Debug.ActiveCfg = Debug|Win32
		{FBECFD82-C87B-4387-B73A-C5801FD1033F}.Debug.Build.0 = Debug|Win32
		{FBECFD82-C87B-4387-B73A-C5801FD1033F}.Release.ActiveCfg = Release|Win32
		{FBECFD82-C87B-4387-B73A-C5801FD1033F}.Release.Build.0 = Release|Win32
		{FBECFD82-C87B-4387-B73A-C5801FD1033F}.W2K_Debug.ActiveCfg = W2K_Debug|Win32
		{FBECFD82-C87B-4387-B73A-C5801FD1033F}.W2K_Debug.Build.0 = W2K_Debug|Win32
		{FBECFD82-C87B-4387-B73A-C5801FD1033F}.W2K_Release.ActiveCfg = W2K_Release|Win32
		{FBECFD82-C87B-4387-B73A-C5801FD1033F}.W2K_Release.Build.0 = W2K_Release|Win32
		{795F9956-C4FC-4872-BE99-6985A84BBA03}.Debug.ActiveCfg = Debug|Win32
		{795F9956-C4FC-4872-BE99-6985A84BBA03}.Debug.Build.0 = Debug|Win32
		{795F9956-C4FC-4872-BE99-6985A84BBA03}.Release.ActiveCfg = Release|Win32
		{795F9956-C4FC-4872-BE99-6985A84BBA03}.Release.Build.0 = Release|Win32
		{795F9956-C4FC-4872-BE99-6985A84BBA03}.W2K_Debug.ActiveCfg = W2K_Debug|Win32
		{795F9956-C4FC-4872-BE99-6985A84BBA03}.W2K_Debug.Build.0 = W2K_Debug|Win32
		{795F9956-C4FC-4872-BE99-6985A84BBA03}.W2K_Release.ActiveCfg = W2K_Release|Win32
		{795F9956-C4FC-4872-BE99-6985A84BBA03}.W2K_Release.Build.0 = W2K_Release|Win32
		{DB2F02C3-4F11-482B-A330-117C2A8CADB5}.Debug.ActiveCfg = Debug|Win32
		{DB2F02C3-4F11-482B-A330-117C2A8CADB5}.Debug.Build.0 = Debug|Win32
		{DB2F02C3-4F11-482B-A330-117C2A8CADB5}.Release.ActiveCfg = Release|Win32
		{DB2F02C3-4F11-482B-A330-117C2A8CADB5}.Release.Build.0 = Release|Win32
		{DB2F02C3-4F11-482B-A330-117C2A8CADB5}.W2K_Debug.ActiveCfg = W2K_Debug|Win32
		{DB2F02C3-4F11-482B-A330-117C2A8CADB5}.W2K_Debug.Build.0 = W2K_Debug|Win32
		{DB2F02C3-4F11-482B-A330-117C2A8CADB5}.W2K_Release.ActiveCfg = W2K_Release|Win32
		{DB2F02C3-4F11-482B-A330-117C2A8CADB5}.W2K_Release.Build.0 = W2K_Release|Win32
		{CDE93DA7-9B9F-4068-B84B-DDE0EB5286AA}.Debug.ActiveCfg = Debug|Win32
		{CDE93DA7-9B9F-4068-B84B-DDE0EB5286AA}.Debug.Build.0 = Debug|Win32
		{CDE93DA7-9B9F-4068-B84B-DDE0EB5286AA}.Release.ActiveCfg = Release|Win32
		{CDE93DA7-9B9F-4068-B84B-DDE0EB5286AA}.Release.Build.0 = Release|Win32
		{CDE93DA7-9B9F-4068-B84B-DDE0EB5286AA}.W2K_Debug.ActiveCfg = W2K_Debug|Win32
		{CDE93DA7-9B9F-4068-B84B-DDE0EB5286AA}.W2K_Debug.Build.0 = W2K_Debug|Win32
		{CDE93DA7-9B9F-4068-B84B-DDE0EB5286AA}.W2K_Release.ActiveCfg = W2K_Release|Win32
		{CDE93DA7-9B9F-4068-B84B-DDE0EB5286AA}.W2K_Release.Build.0 = W2K_Release|Win32
		{6227186C-1B29-4276-82D2-08857F6AFAA3}.Debug.ActiveCfg = Debug|Win32
		{6227186C-1B29-4276-82D2-08857F6AFAA3}.Debug.Build.0 = Debug|Win32
		{6227186C-1B29-4276-82D2-08857F6AFAA3}.Release.ActiveCfg = Release|Win32
		{6227186C-1B29-4276-82D2-08857F6AFAA3}.Release.Build.0 = Release|Win32
		{6227186C-1B29-4276-82D2-08857F6AFAA3}.W2K_Debug.ActiveCfg = W2K_Debug|Win32
		{6227186C-1B29-4276-82D2-08857F6AFAA3}.W2K_Debug.Build.0 = W2K_Debug|Win32
		{6227186C-1B29-4276-82D2-08857F6AFAA3}.W2K_Release.ActiveCfg = W2K_Release|Win32
		{6227186C-1B29-4276-82D2-08857F6AFAA3}.W2K_Release.Build.0 = W2K_Release|Win32
		{7F5BFBAC-4AF1-402E-9E15-1896A2B81ADC}.Debug.ActiveCfg = Debug|Win32
		{7F5BFBAC-4AF1-402E-9E15-1896A2B81ADC}.Debug.Build.0 = Debug|Win32
		{7F5BFBAC-4AF1-402E-9E15-1896A2B81ADC}.Release.ActiveCfg = Release|Win32
		{7F5BFBAC-4AF1-402E-9E15-1896A2B81ADC}.Release.Build.0 = Release|Win32
		{7F5BFBAC-4AF1-402E-9E15-1896A2B81ADC}.W2K_Debug.ActiveCfg = W2K_Debug|Win32
		{7F5BFBAC-4AF1-402E-9E15-1896A2B81ADC}.W2K_Debug.Build.0 = W2K_Debug|Win32
		{7F5BFBAC-4AF1-402E-9E15-1896A2B81ADC}.W2K_Release.ActiveCfg = W2K_Release|Win32
		{7F5BFBAC-4AF1-402E-9E15-1896A2B81ADC}.W2K_Release.Build.0 = W2K_Release|Win32
		{5891CA3B-B0C1-4FC5-92A6-79EA67FA8396}.Debug.ActiveCfg = Debug|Win32
		{5891CA3B-B0C1-4FC5-92A6-79EA67FA8396}.Debug.Build.0 = Debug|Win32
		{5891CA3B-B0C1-4FC5-92A6-79EA67FA8396}.Release.ActiveCfg = Release|Win32
		{5891CA3B-B0C1-4FC5-92A6-79EA67FA8396}.Release.Build.0 = Release|Win32
		{5891CA3B-B0C1-4FC5-92A6-79EA67FA8396}.W2K_Debug.ActiveCfg = W2K_Debug|Win32
		{5891CA3B-B0C1-4FC5-92A6-79EA67FA8396}.W2K_Debug.Build.0 = W2K_Debug|Win32
		{5891CA3B-B0C1-4FC5-92A6-79EA67FA8396}.W2K_Release.ActiveCfg = W2K_Release|Win32
		{5891CA3B-B0C1-4FC5-92A6-79EA67FA8396}.W2K_Release.Build.0 = W2K_Release|Win32
		{5C24EB75-C6A6-4212-A86A-1509B2360506}.Debug.ActiveCfg = Debug|Win32
		{5C24EB75-C6A6-4212-A86A-1509B2360506}.Debug.Build.0 = Debug|Win32
		{5C24EB75-C6A6-4212-A86A-1509B2360506}.Release.ActiveCfg = Release|Win32
		{5C24EB75-C6A6-4212-A86A-1509B2360506}.Release.Build.0 = Release|Win32
		{5C24EB75-C6A6-4212-A86A-1509B2360506}.W2K_Debug.ActiveCfg = W2K_Debug|Win32
		{5C24EB75-C6A6-4212-A86A-1509B2360506}.W2K_Debug.Build.0 = W2K_Debug|Win32
		{5C24EB75-C6A6-4212-A86A-1509B2360506}.W2K_Release.ActiveCfg = W2K_Release|Win32
		{5C24EB75-C6A6-4212-A86A-1509B2360506}.W2K_Release.Build.0 = W2K_Release|Win32
		{36F622A0-0944-4DD9-8743-E5B972A4D567}.Debug.ActiveCfg = Debug|Win32
		{36F622A0-0944-4DD9-8743-E5B972A4D567}.Debug.Build.0 = Debug|Win32
		{36F622A0-0944-4DD9-8743-E5B972A4D567}.Release.ActiveCfg = Release|Win32
		{36F622A0-0944-4DD9-8743-E5B972A4D567}.Release.Build.0 = Release|Win32
		{36F622A0-0944-4DD9-8743-E5B972A4D567}.W2K_Debug.ActiveCfg = W2K_Debug|Win32
		{36F622A0-0944-4DD9-8743-E5B972A4D567}.W2K_Debug.Build.0 = W2K_Debug|Win32
		{36F622A0-0944-4DD9-8743-E5B972A4D567}.W2K_Release.ActiveCfg = W2K_Release|Win32
		{36F622A0-0944-4DD9-8743-E5B972A4D567}.W2K_Release.Build.0 = W2K_Release|Win32
		{AFD65AB5-F8B8-41F2-8748-092EA3FDCC80}.Debug.ActiveCfg = Debug|Win32
		{AFD65AB5-F8B8-41F2-8748-092EA3FDCC80}.Debug.Build.0 = Debug|Win32
		{AFD65AB5-F8B8-41F2-8748-092EA3FDCC80}.Release.ActiveCfg = Release|Win32
		{AFD65AB5-F8B8-41F2-8748-092EA3FDCC80}.Release.Build.0 = Release|Win32
		{AFD65AB5-F8B8-41F2-8748-092EA3FDCC80}.W2K_Debug.ActiveCfg = W2K_Debug|Win32
		{AFD65AB5-F8B8-41F2-8748-092EA3FDCC80}.W2K_Debug.Build.0 = W2K_Debug|Win32
		{AFD65AB5-F8B8-41F2-8748-092EA3FDCC80}.W2K_Release.ActiveCfg = W2K_Release|Win32
		{AFD65AB5-F8B8-41F2-8748-092EA3FDCC80}.W2K_Release.Build.0 = W2K_Release|Win32
		{D03603FE-9702-4397-8DFF-66180A8C8188}.Debug.ActiveCfg = Debug|Win32
		{D03603FE-9702-4397-8DFF-66180A8C8188}.Debug.Build.0 = Debug|Win32
		{D03603FE-9702-4397-8DFF-66180A8C8188}.Release.ActiveCfg = Release|Win32
		{D03603FE-9702-4397-8DFF-66180A8C8188}.Release.Build.0 = Release|Win32
		{D03603FE-9702-4397-8DFF-66180A8C8188}.W2K_Debug.ActiveCfg = W2K_Debug|Win32
		{D03603FE-9702-4397-8DFF-66180A8C8188}.W2K_Debug.Build.0 = W2K_Debug|Win32
		{D03603FE-9702-4397-8DFF-66180A8C8188}.W2K_Release.ActiveCfg = W2K_Release|Win32
		{D03603FE-9702-4397-8DFF-66180A8C8188}.W2K_Release.Build.0 = W2K_Release|Win32
		{4CAE9192-9BCB-481D-9D6E-B0147C43ACFE}.Debug.ActiveCfg = Debug|Win32
		{4CAE9192-9BCB-481D-9D6E-B0147C43ACFE}.Debug.Build.0 = Debug|Win32
		{4CAE9192-9BCB-481D-9D6E-B0147C43ACFE}.Release.ActiveCfg = Release|Win32
		{4CAE9192-9BCB-481D-9D6E-B0147C43ACFE}.Release.Build.0 = Release|Win32
		{4CAE9192-9BCB-481D-9D6E-B0147C43ACFE}.W2K_Debug.ActiveCfg = W2K_Debug|Win32
		{4CAE9192-9BCB-481D-9D6E-B0147C43ACFE}.W2K_Debug.Build.0 = W2K_Debug|Win32
		{4CAE9192-9BCB-481D-9D6E-B0147C43ACFE}.W2K_Release.ActiveCfg = W2K_Release|Win32
		{4CAE9192-9BCB-481D-9D6E-B0147C43ACFE}.W2K_Release.Build.0 = W2K_Release|Win32
		{8ED64E8F-1FEA-418A-B590-0BCDC211528B}.Debug.ActiveCfg = Debug|Win32
		{8ED64E8F-1FEA-418A-B590-0BCDC211528B}.Debug.Build.0 = Debug|Win32
		{8ED64E8F-1FEA-418A-B590-0BCDC211528B}.Release.ActiveCfg = Release|Win32
		{8ED64E8F-1FEA-418A-B590-0BCDC211528B}.Release.Build.0 = Release|Win32
		{8ED64E8F-1FEA-418A-B590-0BCDC211528B}.W2K_Debug.ActiveCfg = W2K_Debug|Win32
		{8ED64E8F-1FEA-418A-B590-0BCDC211528B}.W2K_Debug.Build.0 = W2K_Debug|Win32
		{8ED64E8F-1FEA-418A-B590-0BCDC211528B}.W2K_Release.ActiveCfg = W2K_Release|Win32
		{8ED64E8F-1FEA-418A-B590-0BCDC211528B}.W2K_Release.Build.0 = W2K_Release|Win32
		{CB1FE027-4F70-4B7B-A49D-8534A817AA94}.Debug.ActiveCfg = Debug|Win32
		{CB1FE027-4F70-4B7B-A49D-8534A817AA94}.Debug.Build.0 = Debug|Win32
		{CB1FE027-4F70-4B7B-A49D-8534A817AA94}.Release.ActiveCfg = Release|Win32
		{CB1FE027-4F70-4B7B-A49D-8534A817AA94}.Release.Build.0 = Release|Win32
		{CB1FE027-4F70-4B7B-A49D-8534A817AA94}.W2K_Debug.ActiveCfg = W2K_Debug|Win32
		{CB1FE027-4F70-4B7B-A49D-8534A817AA94}.W2K_Debug.Build.0 = W2K_Debug|Win32
		{CB1FE027-4F70-4B7B-A49D-8534A817AA94}.W2K_Release.ActiveCfg = W2K_Release|Win32
		{CB1FE027-4F70-4B7B-A49D-8534A817AA94}.W2K_Release.Build.0 = W2K_Release|Win32
		{169AE56B-B368-454F-889E-B94F9441462D}.Debug.ActiveCfg = Debug|Win32
		{169AE56B-B368-454F-889E-B94F9441462D}.Debug.Build.0 = Debug|Win32
		{169AE56B-B368-454F-889E-B94F9441462D}.Release.ActiveCfg = Release|Win32
		{169AE56B-B368-454F-889E-B94F9441462D}.Release.Build.0 = Release|Win32
		{169AE56B-B368-454F-889E-B94F9441462D}.W2K_Debug.ActiveCfg = W2K_Debug|Win32
		{169AE56B-B368-454F-889E-B94F9441462D}.W2K_Debug.Build.0 = W2K_Debug|Win32
		{169AE56B-B368-454F-889E-B94F9441462D}.W2K_Release.ActiveCfg = W2K_Release|Win32
		{169AE56B-B368-454F-889E-B94F9441462D}.W2K_Release.Build.0 = W2K_Release|Win32
		{91969267-F8C9-4738-91B1-66D2D0229B77}.Debug.ActiveCfg = Debug|Win32
		{91969267-F8C9-4738-91B1-66D2D0229B77}.Debug.Build.0 = Debug|Win32
		{91969267-F8C9-4738-91B1-66D2D0229B77}.Release.ActiveCfg = Release|Win32
		{91969267-F8C9-4738-91B1-66D2D0229B77}.Release.Build.0 = Release|Win32
		{91969267-F8C9-4738-91B1-66D2D0229B77}.W2K_Debug.ActiveCfg = W2K_Debug|Win32
		{91969267-F8C9-4738-91B1-66D2D0229B77}.W2K_Debug.Build.0 = W2K_Debug|Win32
		{91969267-F8C9-4738-91B1-66D2D0229B77}.W2K_Release.ActiveCfg = W2K_Release|Win32
		{91969267-F8C9-4738-91B1-66D2D0229B77}.W2K_Release.Build.0 = W2K_Release|Win32
		{70618391-83DC-4D2D-AEA5-1642E38646FA}.Debug.ActiveCfg = Debug|Win32
		{70618391-83DC-4D2D-AEA5-1642E38646FA}.Debug.Build.0 = Debug|Win32
		{70618391-83DC-4D2D-AEA5-1642E38646FA}.Release.ActiveCfg = Release|Win32
		{70618391-83DC-4D2D-AEA5-1642E38646FA}.Release.Build.0 = Release|Win32
		{70618391-83DC-4D2D-AEA5-1642E38646FA}.W2K_Debug.ActiveCfg = W2K_Debug|Win32
		{70618391-83DC-4D2D-AEA5-1642E38646FA}.W2K_Debug.Build.0 = W2K_Debug|Win32
		{70618391-83DC-4D2D-AEA5-1642E38646FA}.W2K_Release.ActiveCfg = W2K_Release|Win32
		{70618391-83DC-4D2D-AEA5-1642E38646FA}.W2K_Release.Build.0 = W2K_Release|Win32
		{29129096-21DE-473F-BEEA-6DC67459F312}.Debug.ActiveCfg = Debug|Win32
		{29129096-21DE-473F-BEEA-6DC67459F312}.Debug.Build.0 = Debug|Win32
		{29129096-21DE-473F-BEEA-6DC67459F312}.Release.ActiveCfg = Release|Win32
		{29129096-21DE-473F-BEEA-6DC67459F312}.Release.Build.0 = Release|Win32
		{29129096-21DE-473F-BEEA-6DC67459F312}.W2K_Debug.ActiveCfg = W2K_Debug|Win32
		{29129096-21DE-473F-BEEA-6DC67459F312}.W2K_Debug.Build.0 = W2K_Debug|Win32
		{29129096-21DE-473F-BEEA-6DC67459F312}.W2K_Release.ActiveCfg = W2K_Release|Win32
		{29129096-21DE-473F-BEEA-6DC67459F312}.W2K_Release.Build.0 = W2K_Release|Win32
		{CF62B09D-A698-4F82-95B5-75A5B49B7E4E}.Debug.ActiveCfg = Debug|Win32
		{CF62B09D-A698-4F82-95B5-75A5B49B7E4E}.Debug.Build.0 = Debug|Win32
		{CF62B09D-A698-4F82-95B5-75A5B49B7E4E}.Release.ActiveCfg = Release|Win32
		{CF62B09D-A698-4F82-95B5-75A5B49B7E4E}.Release.Build.0 = Release|Win32
		{CF62B09D-A698-4F82-95B5-75A5B49B7E4E}.W2K_Debug.ActiveCfg = W2K_Debug|Win32
		{CF62B09D-A698-4F82-95B5-75A5B49B7E4E}.W2K_Debug.Build.0 = W2K_Debug|Win32
		{CF62B09D-A698-4F82-95B5-75A5B49B7E4E}.W2K_Release.ActiveCfg = W2K_Release|Win32
		{CF62B09D-A698-4F82-95B5-75A5B49B7E4E}.W2K_Release.Build.0 = W2K_Release|Win32
		{E15B418B-E286-4C0E-B57F-52D04F3954E7}.Debug.ActiveCfg = Debug|Win32
		{E15B418B-E286-4C0E-B57F-52D04F3954E7}.Debug.Build.0 = Debug|Win32
		{E15B418B-E286-4C0E-B57F-52D04F3954E7}.Release.ActiveCfg = Release|Win32
		{E15B418B-E286-4C0E-B57F-52D04F3954E7}.Release.Build.0 = Release|Win32
		{E15B418B-E286-4C0E-B57F-52D04F3954E7}.W2K_Debug.ActiveCfg = W2K_Debug|Win32
		{E15B418B-E286-4C0E-B57F-52D04F3954E7}.W2K_Debug.Build.0 = W2K_Debug|Win32
		{E15B418B-E286-4C0E-B57F-52D04F3954E7}.W2K_Release.ActiveCfg = W2K_Release|Win32
		{E15B418B-E286-4C0E-B57F-52D04F3954E7}.W2K_Release.Build.0 = W2K_Release|Win32
		{542806EB-D7A0-4B1C-8A63-7A9A5A0DC72A}.Debug.ActiveCfg = Debug|Win32
		{542806EB-D7A0-4B1C-8A63-7A9A5A0DC72A}.Debug.Build.0 = Debug|Win32
		{542806EB-D7A0-4B1C-8A63-7A9A5A0DC72A}.Release.ActiveCfg = Release|Win32
		{542806EB-D7A0-4B1C-8A63-7A9A5A0DC72A}.Release.Build.0 = Release|Win32
		{542806EB-D7A0-4B1C-8A63-7A9A5A0DC72A}.W2K_Debug.ActiveCfg = W2K_Debug|Win32
		{542806EB-D7A0-4B1C-8A63-7A9A5A0DC72A}.W2K_Debug.Build.0 = W2K_Debug|Win32
		{542806EB-D7A0-4B1C-8A63-7A9A5A0DC72A}.W2K_Release.ActiveCfg = W2K_Release|Win32
		{542806EB-D7A0-4B1C-8A63-7A9A5A0DC72A}.W2K_Release.Build.0 = W2K_Release|Win32
		{A1D16B7E-77F5-43C8-BB86-14D68FD58404}.Debug.ActiveCfg = Debug|Win32
		{A1D16B7E-77F5-43C8-BB86-14D68FD58404}.Debug.Build.0 = Debug|Win32
		{A1D16B7E-77F5-43C8-BB86-14D68FD58404}.Release.ActiveCfg = Release|Win32
		{A1D16B7E-77F5-43C8-BB86-14D68FD58404}.Release.Build.0 = Release|Win32
		{A1D16B7E-77F5-43C8-BB86-14D68FD58404}.W2K_Debug.ActiveCfg = W2K_Debug|Win32
		{A1D16B7E-77F5-43C8-BB86-14D68FD58404}.W2K_Debug.Build.0 = W2K_Debug|Win32
		{A1D16B7E-77F5-43C8-BB86-14D68FD58404}.W2K_Release.ActiveCfg = W2K_Release|Win32
		{A1D16B7E-77F5-43C8-BB86-14D68FD58404}.W2K_Release.Build.0 = W2K_Release|Win32
		{05BCA1FC-4106-49C4-90D6-E8A8C53C2B33}.Debug.ActiveCfg = Debug|Win32
		{05BCA1FC-4106-49C4-90D6-E8A8C53C2B33}.Debug.Build.0 = Debug|Win32
		{05BCA1FC-4106-49C4-90D6-E8A8C53C2B33}.Release.ActiveCfg = Release|Win32
		{05BCA1FC-4106-49C4-90D6-E8A8C53C2B33}.Release.Build.0 = Release|Win32
		{05BCA1FC-4106-49C4-90D6-E8A8C53C2B33}.W2K_Debug.ActiveCfg = W2K_Debug|Win32
		{05BCA1FC-4106-49C4-90D6-E8A8C53C2B33}.W2K_Debug.Build.0 = W2K_Debug|Win32
		{05BCA1FC-4106-49C4-90D6-E8A8C53C2B33}.W2K_Release.ActiveCfg = W2K_Release|Win32
		{05BCA1FC-4106-49C4-90D6-E8A8C53C2B33}.W2K_Release.Build.0 = W2K_Release|Win32
		{0B42F16B-82F8-4C8D-9888-BBBDC3CA5D44}.Debug.ActiveCfg = Debug|Win32
		{0B42F16B-82F8-4C8D-9888-BBBDC3CA5D44}.Debug.Build.0 = Debug|Win32
		{0B42F16B-82F8-4C8D-9888-BBBDC3CA5D44}.Release.ActiveCfg = Release|Win32
		{0B42F16B-82F8-4C8D-9888-BBBDC3CA5D44}.Release.Build.0 = Release|Win32
		{0B42F16B-82F8-4C8D-9888-BBBDC3CA5D44}.W2K_Debug.ActiveCfg = W2K_Debug|Win32
		{0B42F16B-82F8-4C8D-9888-BBBDC3CA5D44}.W2K_Debug.Build.0 = W2K_Debug|Win32
		{0B42F16B-82F8-4C8D-9888-BBBDC3CA5D44}.W2K_Release.ActiveCfg = W2K_Release|Win32
		{0B42F16B-82F8-4C8D-9888-BBBDC3CA5D44}.W2K_Release.Build.0 = W2K_Release|Win32
		{4328FAE4-A3DB-4966-9D7F-F7E6E698C5C5}.Debug.ActiveCfg = Debug|Win32
		{4328FAE4-A3DB-4966-9D7F-F7E6E698C5C5}.Debug.Build.0 = Debug|Win32
		{4328FAE4-A3DB-4966-9D7F-F7E6E698C5C5}.Release.ActiveCfg = Release|Win32
		{4328FAE4-A3DB-4966-9D7F-F7E6E698C5C5}.Release.Build.0 = Release|Win32
		{4328FAE4-A3DB-4966-9D7F-F7E6E698C5C5}.W2K_Debug.ActiveCfg = W2K_Debug|Win32
		{4328FAE4-A3DB-4966-9D7F-F7E6E698C5C5}.W2K_Debug.Build.0 = W2K_Debug|Win32
		{4328FAE4-A3DB-4966-9D7F-F7E6E698C5C5}.W2K_Release.ActiveCfg = W2K_Release|Win32
		{4328FAE4-A3DB-4966-9D7F-F7E6E698C5C5}.W2K_Release.Build.0 = W2K_Release|Win32
		{8426A5F6-1751-4EC9-A633-670FF03124FE}.Debug.ActiveCfg = Debug|Win32
		{8426A5F6-1751-4EC9-A633-670FF03124FE}.Debug.Build.0 = Debug|Win32
		{8426A5F6-1751-4EC9-A633-670FF03124FE}.Release.ActiveCfg = Release|Win32
		{8426A5F6-1751-4EC9-A633-670FF03124FE}.Release.Build.0 = Release|Win32
		{8426A5F6-1751-4EC9-A633-670FF03124FE}.W2K_Debug.ActiveCfg = W2K_Debug|Win32
		{8426A5F6-1751-4EC9-A633-670FF03124FE}.W2K_Debug.Build.0 = W2K_Debug|Win32
		{8426A5F6-1751-4EC9-A633-670FF03124FE}.W2K_Release.ActiveCfg = W2K_Release|Win32
		{8426A5F6-1751-4EC9-A633-670FF03124FE}.W2K_Release.Build.0 = W2K_Release|Win32
		{81EB8EDE-6231-43B1-807C-910B3EA7E35D}.Debug.ActiveCfg = Debug|Win32
		{81EB8EDE-6231-43B1-807C-910B3EA7E35D}.Debug.Build.0 = Debug|Win32
		{81EB8EDE-6231-43B1-807C-910B3EA7E35D}.Release.ActiveCfg = Release|Win32
		{81EB8EDE-6231-43B1-807C-910B3EA7E35D}.Release.Build.0 = Release|Win32
		{81EB8EDE-6231-43B1-807C-910B3EA7E35D}.W2K_Debug.ActiveCfg = W2K_Debug|Win32
		{81EB8EDE-6231-43B1-807C-910B3EA7E35D}.W2K_Debug.Build.0 = W2K_Debug|Win32
		{81EB8EDE-6231-43B1-807C-910B3EA7E35D}.W2K_Release.ActiveCfg = W2K_Release|Win32
		{81EB8EDE-6231-43B1-807C-910B3EA7E35D}.W2K_Release.Build.0 = W2K_Release|Win32
		{091F5D8D-D89D-4096-B117-52646742D3DD}.Debug.ActiveCfg = Debug|Win32
		{091F5D8D-D89D-4096-B117-52646742D3DD}.Release.ActiveCfg = Release|Win32
		{091F5D8D-D89D-4096-B117-52646742D3DD}.W2K_Debug.ActiveCfg = W2K_Debug|Win32
		{091F5D8D-D89D-4096-B117-52646742D3DD}.W2K_Debug.Build.0 = W2K_Debug|Win32
		{091F5D8D-D89D-4096-B117-52646742D3DD}.W2K_Release.ActiveCfg = W2K_Release|Win32
		{091F5D8D-D89D-4096-B117-52646742D3DD}.W2K_Release.Build.0 = W2K_Release|Win32
		{57E22880-A6A3-46D4-9966-6A45C34DA4B4}.Debug.ActiveCfg = Debug|Win32
		{57E22880-A6A3-46D4-9966-6A45C34DA4B4}.Debug.Build.0 = Debug|Win32
		{57E22880-A6A3-46D4-9966-6A45C34DA4B4}.Release.ActiveCfg = Release|Win32
		{57E22880-A6A3-46D4-9966-6A45C34DA4B4}.Release.Build.0 = Release|Win32
		{57E22880-A6A3-46D4-9966-6A45C34DA4B4}.W2K_Debug.ActiveCfg = W2K_Debug|Win32
		{57E22880-A6A3-46D4-9966-6A45C34DA4B4}.W2K_Debug.Build.0 = W2K_Debug|Win32
		{57E22880-A6A3-46D4-9966-6A45C34DA4B4}.W2K_Release.ActiveCfg = W2K_Release|Win32
		{57E22880-A6A3-46D4-9966-6A45C34DA4B4}.W2K_Release.Build.0 = W2K_Release|Win32
		{DB38A0D2-E142-44ED-97CC-7E036E8145ED}.Debug.ActiveCfg = Debug|Win32
		{DB38A0D2-E142-44ED-97CC-7E036E8145ED}.Debug.Build.0 = Debug|Win32
		{DB38A0D2-E142-44ED-97CC-7E036E8145ED}.Release.ActiveCfg = Release|Win32
		{DB38A0D2-E142-44ED-97CC-7E036E8145ED}.Release.Build.0 = Release|Win32
		{DB38A0D2-E142-44ED-97CC-7E036E8145ED}.W2K_Debug.ActiveCfg = W2K_Debug|Win32
		{DB38A0D2-E142-44ED-97CC-7E036E8145ED}.W2K_Debug.Build.0 = W2K_Debug|Win32
		{DB38A0D2-E142-44ED-97CC-7E036E8145ED}.W2K_Release.ActiveCfg = W2K_Release|Win32
		{DB38A0D2-E142-44ED-97CC-7E036E8145ED}.W2K_Release.Build.0 = W2K_Release|Win32
		{18E90455-9BB1-4847-869E-F6B3824DE4B5}.Debug.ActiveCfg = Debug|Win32
		{18E90455-9BB1-4847-869E-F6B3824DE4B5}.Debug.Build.0 = Debug|Win32
		{18E90455-9BB1-4847-869E-F6B3824DE4B5}.Release.ActiveCfg = Release|Win32
		{18E90455-9BB1-4847-869E-F6B3824DE4B5}.Release.Build.0 = Release|Win32
		{18E90455-9BB1-4847-869E-F6B3824DE4B5}.W2K_Debug.ActiveCfg = W2K_Debug|Win32
		{18E90455-9BB1-4847-869E-F6B3824DE4B5}.W2K_Debug.Build.0 = W2K_Debug|Win32
		{18E90455-9BB1-4847-869E-F6B3824DE4B5}.W2K_Release.ActiveCfg = W2K_Release|Win32
		{18E90455-9BB1-4847-869E-F6B3824DE4B5}.W2K_Release.Build.0 = W2K_Release|Win32
		{3D0C0063-7ED4-4248-BF35-0079BEB538D6}.Debug.ActiveCfg = Debug|Win32
		{3D0C0063-7ED4-4248-BF35-0079BEB538D6}.Debug.Build.0 = Debug|Win32
		{3D0C0063-7ED4-4248-BF35-0079BEB538D6}.Release.ActiveCfg = Release|Win32
		{3D0C0063-7ED4-4248-BF35-0079BEB538D6}.W2K_Debug.ActiveCfg = Debug|Win32
		{3D0C0063-7ED4-4248-BF35-0079BEB538D6}.W2K_Debug.Build.0 = Debug|Win32
		{3D0C0063-7ED4-4248-BF35-0079BEB538D6}.W2K_Release.ActiveCfg = Release|Win32
		{3D0C0063-7ED4-4248-BF35-0079BEB538D6}.W2K_Release.Build.0 = Release|Win32
		{16850681-D876-44A3-980D-3308E673FB4F}.Debug.ActiveCfg = Debug|Win32
		{16850681-D876-44A3-980D-3308E673FB4F}.Debug.Build.0 = Debug|Win32
		{16850681-D876-44A3-980D-3308E673FB4F}.Release.ActiveCfg = Release|Win32
		{16850681-D876-44A3-980D-3308E673FB4F}.Release.Build.0 = Release|Win32
		{16850681-D876-44A3-980D-3308E673FB4F}.W2K_Debug.ActiveCfg = W2K_Debug|Win32
		{16850681-D876-44A3-980D-3308E673FB4F}.W2K_Debug.Build.0 = W2K_Debug|Win32
		{16850681-D876-44A3-980D-3308E673FB4F}.W2K_Release.ActiveCfg = W2K_Release|Win32
		{16850681-D876-44A3-980D-3308E673FB4F}.W2K_Release.Build.0 = W2K_Release|Win32
		{20C9F4DF-73A9-4DA0-A32F-6B29C0293DAD}.Debug.ActiveCfg = Debug|Win32
		{20C9F4DF-73A9-4DA0-A32F-6B29C0293DAD}.Debug.Build.0 = Debug|Win32
		{20C9F4DF-73A9-4DA0-A32F-6B29C0293DAD}.Release.ActiveCfg = Release|Win32
		{20C9F4DF-73A9-4DA0-A32F-6B29C0293DAD}.Release.Build.0 = Release|Win32
		{20C9F4DF-73A9-4DA0-A32F-6B29C0293DAD}.W2K_Debug.ActiveCfg = Debug|Win32
		{20C9F4DF-73A9-4DA0-A32F-6B29C0293DAD}.W2K_Debug.Build.0 = Debug|Win32
		{20C9F4DF-73A9-4DA0-A32F-6B29C0293DAD}.W2K_Release.ActiveCfg = Release|Win32
		{20C9F4DF-73A9-4DA0-A32F-6B29C0293DAD}.W2K_Release.Build.0 = Release|Win32
	EndGlobalSection
	GlobalSection(SolutionItems) = postSolution
		ftdsrc\forcelib.h = ftdsrc\forcelib.h
		ftdsrc\post-build.bat = ftdsrc\post-build.bat
		ftdsrc\pre-build.bat = ftdsrc\pre-build.bat
		ftdsrc\RegChartFxCtrls.bat = ftdsrc\RegChartFxCtrls.bat
		ftdsrc\tdmf.cl = ftdsrc\tdmf.cl
		ftdsrc\tdmf.inc = ftdsrc\tdmf.inc
		ftdsrc\tdmf_nt.cl = ftdsrc\tdmf_nt.cl
	EndGlobalSection
	GlobalSection(ExtensibilityGlobals) = postSolution
	EndGlobalSection
	GlobalSection(ExtensibilityAddIns) = postSolution
	EndGlobalSection
EndGlobal
