Microsoft Visual Studio Solution File, Format Version 8.00
Project("{FAE04EC0-301F-11D3-BF4B-00C04F79EFBC}") = "MasterThread", "MasterThread\MasterThread.csproj", "{8939F5AB-F714-413A-B0DB-799D0D0203D6}"
	ProjectSection(ProjectDependencies) = postProject
	EndProjectSection
EndProject
Project("{FAE04EC0-301F-11D3-BF4B-00C04F79EFBC}") = "TestApplication", "TestApplication\TestApplication.csproj", "{686C0C85-8B80-419C-9349-98F7C805A866}"
	ProjectSection(ProjectDependencies) = postProject
	EndProjectSection
EndProject
Project("{FAE04EC0-301F-11D3-BF4B-00C04F79EFBC}") = "CLI", "CLI\CLI.csproj", "{8FDBC755-EF18-4720-8905-132BD88B12A2}"
	ProjectSection(ProjectDependencies) = postProject
	EndProjectSection
EndProject
Project("{FAE04EC0-301F-11D3-BF4B-00C04F79EFBC}") = "ReplicatorService", "ReplicatorService\ReplicatorService.csproj", "{16A27E0B-918F-4719-825B-7D5C6C29D23A}"
	ProjectSection(ProjectDependencies) = postProject
	EndProjectSection
EndProject
Global
	GlobalSection(SourceCodeControl) = preSolution
		SccNumberOfProjects = 5
		SccProjectName0 = \u0022$/ReplicatorService\u0022,\u0020MCBAAAAA
		SccLocalPath0 = ..\\..\\..\\..\\..
		SccProvider0 = MSSCCI:Microsoft\u0020Visual\u0020SourceSafe
		CanCheckoutShared = false
		SccProjectFilePathRelativizedFromConnection0 = tdmf_ose\\windows_v1.3\\ftdsrc\\SFTK_RFWDriver\\ReplicatorService\\
		SolutionUniqueID = {370A9C73-8AAE-4887-BE7C-758D0EEEF5C4}
		SccProjectUniqueName1 = CLI\\CLI.csproj
		SccLocalPath1 = ..\\..\\..\\..\\..
		CanCheckoutShared = false
		SccProjectFilePathRelativizedFromConnection1 = tdmf_ose\\windows_v1.3\\ftdsrc\\SFTK_RFWDriver\\ReplicatorService\\CLI\\
		SccProjectUniqueName2 = MasterThread\\MasterThread.csproj
		SccLocalPath2 = ..\\..\\..\\..\\..
		CanCheckoutShared = false
		SccProjectFilePathRelativizedFromConnection2 = tdmf_ose\\windows_v1.3\\ftdsrc\\SFTK_RFWDriver\\ReplicatorService\\MasterThread\\
		SccProjectUniqueName3 = ReplicatorService\\ReplicatorService.csproj
		SccLocalPath3 = ..\\..\\..\\..\\..
		CanCheckoutShared = false
		SccProjectFilePathRelativizedFromConnection3 = tdmf_ose\\windows_v1.3\\ftdsrc\\SFTK_RFWDriver\\ReplicatorService\\ReplicatorService\\
		SccProjectUniqueName4 = TestApplication\\TestApplication.csproj
		SccLocalPath4 = ..\\..\\..\\..\\..
		CanCheckoutShared = false
		SccProjectFilePathRelativizedFromConnection4 = tdmf_ose\\windows_v1.3\\ftdsrc\\SFTK_RFWDriver\\ReplicatorService\\TestApplication\\
	EndGlobalSection
	GlobalSection(SolutionConfiguration) = preSolution
		Debug = Debug
		Release = Release
		W2K_Debug = W2K_Debug
		W2K_Release = W2K_Release
	EndGlobalSection
	GlobalSection(ProjectConfiguration) = postSolution
		{8939F5AB-F714-413A-B0DB-799D0D0203D6}.Debug.ActiveCfg = Debug|.NET
		{8939F5AB-F714-413A-B0DB-799D0D0203D6}.Debug.Build.0 = Debug|.NET
		{8939F5AB-F714-413A-B0DB-799D0D0203D6}.Release.ActiveCfg = Release|.NET
		{8939F5AB-F714-413A-B0DB-799D0D0203D6}.Release.Build.0 = Release|.NET
		{8939F5AB-F714-413A-B0DB-799D0D0203D6}.W2K_Debug.ActiveCfg = Debug|.NET
		{8939F5AB-F714-413A-B0DB-799D0D0203D6}.W2K_Debug.Build.0 = Debug|.NET
		{8939F5AB-F714-413A-B0DB-799D0D0203D6}.W2K_Release.ActiveCfg = Release|.NET
		{8939F5AB-F714-413A-B0DB-799D0D0203D6}.W2K_Release.Build.0 = Release|.NET
		{686C0C85-8B80-419C-9349-98F7C805A866}.Debug.ActiveCfg = Debug|.NET
		{686C0C85-8B80-419C-9349-98F7C805A866}.Debug.Build.0 = Debug|.NET
		{686C0C85-8B80-419C-9349-98F7C805A866}.Release.ActiveCfg = Release|.NET
		{686C0C85-8B80-419C-9349-98F7C805A866}.Release.Build.0 = Release|.NET
		{686C0C85-8B80-419C-9349-98F7C805A866}.W2K_Debug.ActiveCfg = Debug|.NET
		{686C0C85-8B80-419C-9349-98F7C805A866}.W2K_Debug.Build.0 = Debug|.NET
		{686C0C85-8B80-419C-9349-98F7C805A866}.W2K_Release.ActiveCfg = Release|.NET
		{686C0C85-8B80-419C-9349-98F7C805A866}.W2K_Release.Build.0 = Release|.NET
		{8FDBC755-EF18-4720-8905-132BD88B12A2}.Debug.ActiveCfg = Debug|.NET
		{8FDBC755-EF18-4720-8905-132BD88B12A2}.Debug.Build.0 = Debug|.NET
		{8FDBC755-EF18-4720-8905-132BD88B12A2}.Release.ActiveCfg = Release|.NET
		{8FDBC755-EF18-4720-8905-132BD88B12A2}.Release.Build.0 = Release|.NET
		{8FDBC755-EF18-4720-8905-132BD88B12A2}.W2K_Debug.ActiveCfg = Debug|.NET
		{8FDBC755-EF18-4720-8905-132BD88B12A2}.W2K_Debug.Build.0 = Debug|.NET
		{8FDBC755-EF18-4720-8905-132BD88B12A2}.W2K_Release.ActiveCfg = Release|.NET
		{8FDBC755-EF18-4720-8905-132BD88B12A2}.W2K_Release.Build.0 = Release|.NET
		{16A27E0B-918F-4719-825B-7D5C6C29D23A}.Debug.ActiveCfg = Debug|.NET
		{16A27E0B-918F-4719-825B-7D5C6C29D23A}.Debug.Build.0 = Debug|.NET
		{16A27E0B-918F-4719-825B-7D5C6C29D23A}.Release.ActiveCfg = Release|.NET
		{16A27E0B-918F-4719-825B-7D5C6C29D23A}.Release.Build.0 = Release|.NET
		{16A27E0B-918F-4719-825B-7D5C6C29D23A}.W2K_Debug.ActiveCfg = Debug|.NET
		{16A27E0B-918F-4719-825B-7D5C6C29D23A}.W2K_Debug.Build.0 = Debug|.NET
		{16A27E0B-918F-4719-825B-7D5C6C29D23A}.W2K_Release.ActiveCfg = Release|.NET
		{16A27E0B-918F-4719-825B-7D5C6C29D23A}.W2K_Release.Build.0 = Release|.NET
	EndGlobalSection
	GlobalSection(SolutionItems) = postSolution
		..\..\..\..\..\2.2 Replicator Docs\Service Rewrite.doc = ..\..\..\..\..\2.2 Replicator Docs\Service Rewrite.doc
	EndGlobalSection
	GlobalSection(ExtensibilityGlobals) = postSolution
	EndGlobalSection
	GlobalSection(ExtensibilityAddIns) = postSolution
	EndGlobalSection
EndGlobal
