Microsoft Visual Studio Solution File, Format Version 8.00
Project("{8BC9CEB8-8B4A-11D0-8D11-00A0C91BC942}") = "tdidriver", "tdidriver\tdidriver.vcproj", "{CCCCFFC3-FFA4-439C-A0F4-2454B990809A}"
	ProjectSection(ProjectDependencies) = postProject
	EndProjectSection
EndProject
Project("{8BC9CEB8-8B4A-11D0-8D11-00A0C91BC942}") = "TdiLib", "TDISAMP\Drivers.NT\KSLib\TdiLib.vcproj", "{D578F607-A6CE-4FC6-9867-F8799AB310B6}"
	ProjectSection(ProjectDependencies) = postProject
	EndProjectSection
EndProject
Project("{8BC9CEB8-8B4A-11D0-8D11-00A0C91BC942}") = "TTCPCtrl", "TDISAMP\Apps.NT\TTCPCtrl\TTCPCtrl.vcproj", "{C7588B43-259F-4BCD-8923-7847B51D8F17}"
	ProjectSection(ProjectDependencies) = postProject
	EndProjectSection
EndProject
Global
	GlobalSection(SourceCodeControl) = preSolution
		SccNumberOfProjects = 1
		SccProjectUniqueName0 = TDISAMP\\Apps.NT\\TTCPCtrl\\TTCPCtrl.vcproj
		SccProjectName0 = \u0022$/TDISAMP/Apps.NT/TTCPCtrl\u0022,\u0020JHBAAAAA
		SccLocalPath0 = TDISAMP\\Apps.NT\\TTCPCtrl
		SccProvider0 = MSSCCI:Microsoft\u0020Visual\u0020SourceSafe
	EndGlobalSection
	GlobalSection(SolutionConfiguration) = preSolution
		Debug = Debug
		Release = Release
		W2K_Debug = W2K_Debug
		W2K_Release = W2K_Release
	EndGlobalSection
	GlobalSection(ProjectConfiguration) = postSolution
		{CCCCFFC3-FFA4-439C-A0F4-2454B990809A}.Debug.ActiveCfg = Debug|Win32
		{CCCCFFC3-FFA4-439C-A0F4-2454B990809A}.Debug.Build.0 = Debug|Win32
		{CCCCFFC3-FFA4-439C-A0F4-2454B990809A}.Release.ActiveCfg = Release|Win32
		{CCCCFFC3-FFA4-439C-A0F4-2454B990809A}.Release.Build.0 = Release|Win32
		{CCCCFFC3-FFA4-439C-A0F4-2454B990809A}.W2K_Debug.ActiveCfg = Debug|Win32
		{CCCCFFC3-FFA4-439C-A0F4-2454B990809A}.W2K_Debug.Build.0 = Debug|Win32
		{CCCCFFC3-FFA4-439C-A0F4-2454B990809A}.W2K_Release.ActiveCfg = Release|Win32
		{CCCCFFC3-FFA4-439C-A0F4-2454B990809A}.W2K_Release.Build.0 = Release|Win32
		{D578F607-A6CE-4FC6-9867-F8799AB310B6}.Debug.ActiveCfg = Debug|Win32
		{D578F607-A6CE-4FC6-9867-F8799AB310B6}.Debug.Build.0 = Debug|Win32
		{D578F607-A6CE-4FC6-9867-F8799AB310B6}.Release.ActiveCfg = Release|Win32
		{D578F607-A6CE-4FC6-9867-F8799AB310B6}.Release.Build.0 = Release|Win32
		{D578F607-A6CE-4FC6-9867-F8799AB310B6}.W2K_Debug.ActiveCfg = Debug|Win32
		{D578F607-A6CE-4FC6-9867-F8799AB310B6}.W2K_Debug.Build.0 = Debug|Win32
		{D578F607-A6CE-4FC6-9867-F8799AB310B6}.W2K_Release.ActiveCfg = Release|Win32
		{D578F607-A6CE-4FC6-9867-F8799AB310B6}.W2K_Release.Build.0 = Release|Win32
		{C7588B43-259F-4BCD-8923-7847B51D8F17}.Debug.ActiveCfg = Debug|Win32
		{C7588B43-259F-4BCD-8923-7847B51D8F17}.Debug.Build.0 = Debug|Win32
		{C7588B43-259F-4BCD-8923-7847B51D8F17}.Release.ActiveCfg = Release|Win32
		{C7588B43-259F-4BCD-8923-7847B51D8F17}.Release.Build.0 = Release|Win32
		{C7588B43-259F-4BCD-8923-7847B51D8F17}.W2K_Debug.ActiveCfg = Debug|Win32
		{C7588B43-259F-4BCD-8923-7847B51D8F17}.W2K_Debug.Build.0 = Debug|Win32
		{C7588B43-259F-4BCD-8923-7847B51D8F17}.W2K_Release.ActiveCfg = Release|Win32
		{C7588B43-259F-4BCD-8923-7847B51D8F17}.W2K_Release.Build.0 = Release|Win32
	EndGlobalSection
	GlobalSection(SolutionItems) = postSolution
	EndGlobalSection
	GlobalSection(ExtensibilityGlobals) = postSolution
	EndGlobalSection
	GlobalSection(ExtensibilityAddIns) = postSolution
	EndGlobalSection
EndGlobal
